
Microsoft Visual Studio Solution File, Format Version 12.00
# Visual Studio Version 16
VisualStudioVersion = 16.0.29123.88
MinimumVisualStudioVersion = 10.0.40219.1
Project("{9A19103F-16F7-4668-BE54-9A1E7A4F7556}") = "Microsoft.Azure.Cosmos.Tests", "Microsoft.Azure.Cosmos\tests\Microsoft.Azure.Cosmos.Tests\Microsoft.Azure.Cosmos.Tests.csproj", "{A57B7B0C-CD92-4D98-8F1E-F284901363AF}"
EndProject
Project("{9A19103F-16F7-4668-BE54-9A1E7A4F7556}") = "Microsoft.Azure.Cosmos.EmulatorTests", "Microsoft.Azure.Cosmos\tests\Microsoft.Azure.Cosmos.EmulatorTests\Microsoft.Azure.Cosmos.EmulatorTests.csproj", "{F16D0FDA-36A1-420C-BA6B-BB30FA62B28D}"
EndProject
Project("{9A19103F-16F7-4668-BE54-9A1E7A4F7556}") = "Microsoft.Azure.Cosmos.Performance.Tests", "Microsoft.Azure.Cosmos\tests\Microsoft.Azure.Cosmos.Performance.Tests\Microsoft.Azure.Cosmos.Performance.Tests.csproj", "{0392A590-68EF-4283-94D8-33F350BEC9BF}"
EndProject
Project("{9A19103F-16F7-4668-BE54-9A1E7A4F7556}") = "Microsoft.Azure.Cosmos.Encryption", "Microsoft.Azure.Cosmos.Encryption\src\Microsoft.Azure.Cosmos.Encryption.csproj", "{4D0FBC91-268E-44DD-AC10-6851A69C52FB}"
EndProject
Project("{2150E333-8FDC-42A3-9474-1A3956D46DE8}") = "Encryption", "Encryption", "{B382B965-7D1B-4DE8-8007-197741C49F88}"
EndProject
Project("{9A19103F-16F7-4668-BE54-9A1E7A4F7556}") = "Microsoft.Azure.Cosmos.Encryption.EmulatorTests", "Microsoft.Azure.Cosmos.Encryption\tests\EmulatorTests\Microsoft.Azure.Cosmos.Encryption.EmulatorTests.csproj", "{D6A405BF-15E1-46D3-8C13-210BA043ADC5}"
EndProject
Project("{9A19103F-16F7-4668-BE54-9A1E7A4F7556}") = "Microsoft.Azure.Cosmos", "Microsoft.Azure.Cosmos\src\Microsoft.Azure.Cosmos.csproj", "{E4654C35-9D66-4F55-B871-262C67D8F9CE}"
EndProject
Project("{2150E333-8FDC-42A3-9474-1A3956D46DE8}") = "Preview", "Preview", "{75D74BC0-6F88-4471-9F48-B111DEECB9B1}"
EndProject
Project("{2150E333-8FDC-42A3-9474-1A3956D46DE8}") = "Internal", "Internal", "{042A88C2-26BC-40A5-8838-48DE25C24468}"
EndProject
Project("{9A19103F-16F7-4668-BE54-9A1E7A4F7556}") = "Microsoft.Azure.Cosmos.Preview", "Microsoft.Azure.Cosmos.Preview\src\Microsoft.Azure.Cosmos.Preview.csproj", "{D8EB5958-512E-4DE4-84DE-490858952C28}"
EndProject
Project("{9A19103F-16F7-4668-BE54-9A1E7A4F7556}") = "Microsoft.Azure.Cosmos.Internal", "Microsoft.Azure.Cosmos.Internal\src\Microsoft.Azure.Cosmos.Internal.csproj", "{5BBC39A9-6CF8-46DF-ABDB-D73E8D595396}"
EndProject
Project("{2150E333-8FDC-42A3-9474-1A3956D46DE8}") = "Solution Items", "Solution Items", "{8EAAA491-BA23-4520-BB1A-C9B4315121B3}"
	ProjectSection(SolutionItems) = preProject
		.editorconfig = .editorconfig
	EndProjectSection
EndProject
Project("{9A19103F-16F7-4668-BE54-9A1E7A4F7556}") = "Microsoft.Azure.Cosmos.Internal.Tests", "Microsoft.Azure.Cosmos.Internal\tests\UnitTests\Microsoft.Azure.Cosmos.Internal.Tests.csproj", "{EBBB0187-4917-4E32-8CCF-9C9C63F9B749}"
EndProject
Project("{9A19103F-16F7-4668-BE54-9A1E7A4F7556}") = "Microsoft.Azure.Cosmos.Preview.Tests", "Microsoft.Azure.Cosmos.Preview\tests\UnitTests\Microsoft.Azure.Cosmos.Preview.Tests.csproj", "{2D6BAA64-561F-44B3-B467-DF3B3A158625}"
EndProject
Global
	GlobalSection(SolutionConfigurationPlatforms) = preSolution
		Cover|Any CPU = Cover|Any CPU
		Cover|x64 = Cover|x64
		Debug|Any CPU = Debug|Any CPU
		Debug|x64 = Debug|x64
		Release|Any CPU = Release|Any CPU
		Release|x64 = Release|x64
	EndGlobalSection
	GlobalSection(ProjectConfigurationPlatforms) = postSolution
		{A57B7B0C-CD92-4D98-8F1E-F284901363AF}.Cover|Any CPU.ActiveCfg = Release|Any CPU
		{A57B7B0C-CD92-4D98-8F1E-F284901363AF}.Cover|Any CPU.Build.0 = Release|Any CPU
		{A57B7B0C-CD92-4D98-8F1E-F284901363AF}.Cover|x64.ActiveCfg = Release|Any CPU
		{A57B7B0C-CD92-4D98-8F1E-F284901363AF}.Cover|x64.Build.0 = Release|Any CPU
		{A57B7B0C-CD92-4D98-8F1E-F284901363AF}.Debug|Any CPU.ActiveCfg = Debug|Any CPU
		{A57B7B0C-CD92-4D98-8F1E-F284901363AF}.Debug|Any CPU.Build.0 = Debug|Any CPU
		{A57B7B0C-CD92-4D98-8F1E-F284901363AF}.Debug|x64.ActiveCfg = Debug|Any CPU
		{A57B7B0C-CD92-4D98-8F1E-F284901363AF}.Debug|x64.Build.0 = Debug|Any CPU
		{A57B7B0C-CD92-4D98-8F1E-F284901363AF}.Release|Any CPU.ActiveCfg = Release|Any CPU
		{A57B7B0C-CD92-4D98-8F1E-F284901363AF}.Release|Any CPU.Build.0 = Release|Any CPU
		{A57B7B0C-CD92-4D98-8F1E-F284901363AF}.Release|x64.ActiveCfg = Release|Any CPU
		{A57B7B0C-CD92-4D98-8F1E-F284901363AF}.Release|x64.Build.0 = Release|Any CPU
		{F16D0FDA-36A1-420C-BA6B-BB30FA62B28D}.Cover|Any CPU.ActiveCfg = Debug|Any CPU
		{F16D0FDA-36A1-420C-BA6B-BB30FA62B28D}.Cover|Any CPU.Build.0 = Debug|Any CPU
		{F16D0FDA-36A1-420C-BA6B-BB30FA62B28D}.Cover|x64.ActiveCfg = Debug|Any CPU
		{F16D0FDA-36A1-420C-BA6B-BB30FA62B28D}.Cover|x64.Build.0 = Debug|Any CPU
		{F16D0FDA-36A1-420C-BA6B-BB30FA62B28D}.Debug|Any CPU.ActiveCfg = Debug|Any CPU
		{F16D0FDA-36A1-420C-BA6B-BB30FA62B28D}.Debug|Any CPU.Build.0 = Debug|Any CPU
		{F16D0FDA-36A1-420C-BA6B-BB30FA62B28D}.Debug|x64.ActiveCfg = Debug|Any CPU
		{F16D0FDA-36A1-420C-BA6B-BB30FA62B28D}.Debug|x64.Build.0 = Debug|Any CPU
		{F16D0FDA-36A1-420C-BA6B-BB30FA62B28D}.Release|Any CPU.ActiveCfg = Release|Any CPU
		{F16D0FDA-36A1-420C-BA6B-BB30FA62B28D}.Release|Any CPU.Build.0 = Release|Any CPU
		{F16D0FDA-36A1-420C-BA6B-BB30FA62B28D}.Release|x64.ActiveCfg = Release|Any CPU
		{F16D0FDA-36A1-420C-BA6B-BB30FA62B28D}.Release|x64.Build.0 = Release|Any CPU
		{0392A590-68EF-4283-94D8-33F350BEC9BF}.Cover|Any CPU.ActiveCfg = Debug|Any CPU
		{0392A590-68EF-4283-94D8-33F350BEC9BF}.Cover|Any CPU.Build.0 = Debug|Any CPU
		{0392A590-68EF-4283-94D8-33F350BEC9BF}.Cover|x64.ActiveCfg = Debug|Any CPU
		{0392A590-68EF-4283-94D8-33F350BEC9BF}.Cover|x64.Build.0 = Debug|Any CPU
		{0392A590-68EF-4283-94D8-33F350BEC9BF}.Debug|Any CPU.ActiveCfg = Debug|Any CPU
		{0392A590-68EF-4283-94D8-33F350BEC9BF}.Debug|Any CPU.Build.0 = Debug|Any CPU
		{0392A590-68EF-4283-94D8-33F350BEC9BF}.Debug|x64.ActiveCfg = Debug|Any CPU
		{0392A590-68EF-4283-94D8-33F350BEC9BF}.Debug|x64.Build.0 = Debug|Any CPU
		{0392A590-68EF-4283-94D8-33F350BEC9BF}.Release|Any CPU.ActiveCfg = Release|Any CPU
		{0392A590-68EF-4283-94D8-33F350BEC9BF}.Release|Any CPU.Build.0 = Release|Any CPU
		{0392A590-68EF-4283-94D8-33F350BEC9BF}.Release|x64.ActiveCfg = Release|Any CPU
		{0392A590-68EF-4283-94D8-33F350BEC9BF}.Release|x64.Build.0 = Release|Any CPU
		{4D0FBC91-268E-44DD-AC10-6851A69C52FB}.Cover|Any CPU.ActiveCfg = Debug|Any CPU
		{4D0FBC91-268E-44DD-AC10-6851A69C52FB}.Cover|Any CPU.Build.0 = Debug|Any CPU
		{4D0FBC91-268E-44DD-AC10-6851A69C52FB}.Cover|x64.ActiveCfg = Debug|Any CPU
		{4D0FBC91-268E-44DD-AC10-6851A69C52FB}.Cover|x64.Build.0 = Debug|Any CPU
		{4D0FBC91-268E-44DD-AC10-6851A69C52FB}.Debug|Any CPU.ActiveCfg = Debug|Any CPU
		{4D0FBC91-268E-44DD-AC10-6851A69C52FB}.Debug|Any CPU.Build.0 = Debug|Any CPU
		{4D0FBC91-268E-44DD-AC10-6851A69C52FB}.Debug|x64.ActiveCfg = Debug|Any CPU
		{4D0FBC91-268E-44DD-AC10-6851A69C52FB}.Debug|x64.Build.0 = Debug|Any CPU
		{4D0FBC91-268E-44DD-AC10-6851A69C52FB}.Release|Any CPU.ActiveCfg = Release|Any CPU
		{4D0FBC91-268E-44DD-AC10-6851A69C52FB}.Release|Any CPU.Build.0 = Release|Any CPU
		{4D0FBC91-268E-44DD-AC10-6851A69C52FB}.Release|x64.ActiveCfg = Release|Any CPU
		{4D0FBC91-268E-44DD-AC10-6851A69C52FB}.Release|x64.Build.0 = Release|Any CPU
		{D6A405BF-15E1-46D3-8C13-210BA043ADC5}.Cover|Any CPU.ActiveCfg = Debug|Any CPU
		{D6A405BF-15E1-46D3-8C13-210BA043ADC5}.Cover|Any CPU.Build.0 = Debug|Any CPU
		{D6A405BF-15E1-46D3-8C13-210BA043ADC5}.Cover|x64.ActiveCfg = Debug|Any CPU
		{D6A405BF-15E1-46D3-8C13-210BA043ADC5}.Cover|x64.Build.0 = Debug|Any CPU
		{D6A405BF-15E1-46D3-8C13-210BA043ADC5}.Debug|Any CPU.ActiveCfg = Debug|Any CPU
		{D6A405BF-15E1-46D3-8C13-210BA043ADC5}.Debug|Any CPU.Build.0 = Debug|Any CPU
		{D6A405BF-15E1-46D3-8C13-210BA043ADC5}.Debug|x64.ActiveCfg = Debug|Any CPU
		{D6A405BF-15E1-46D3-8C13-210BA043ADC5}.Debug|x64.Build.0 = Debug|Any CPU
		{D6A405BF-15E1-46D3-8C13-210BA043ADC5}.Release|Any CPU.ActiveCfg = Release|Any CPU
		{D6A405BF-15E1-46D3-8C13-210BA043ADC5}.Release|Any CPU.Build.0 = Release|Any CPU
		{D6A405BF-15E1-46D3-8C13-210BA043ADC5}.Release|x64.ActiveCfg = Release|Any CPU
		{D6A405BF-15E1-46D3-8C13-210BA043ADC5}.Release|x64.Build.0 = Release|Any CPU
		{E4654C35-9D66-4F55-B871-262C67D8F9CE}.Cover|Any CPU.ActiveCfg = Debug|Any CPU
		{E4654C35-9D66-4F55-B871-262C67D8F9CE}.Cover|Any CPU.Build.0 = Debug|Any CPU
		{E4654C35-9D66-4F55-B871-262C67D8F9CE}.Cover|x64.ActiveCfg = Debug|Any CPU
		{E4654C35-9D66-4F55-B871-262C67D8F9CE}.Cover|x64.Build.0 = Debug|Any CPU
		{E4654C35-9D66-4F55-B871-262C67D8F9CE}.Debug|Any CPU.ActiveCfg = Debug|Any CPU
		{E4654C35-9D66-4F55-B871-262C67D8F9CE}.Debug|Any CPU.Build.0 = Debug|Any CPU
		{E4654C35-9D66-4F55-B871-262C67D8F9CE}.Debug|x64.ActiveCfg = Debug|Any CPU
		{E4654C35-9D66-4F55-B871-262C67D8F9CE}.Debug|x64.Build.0 = Debug|Any CPU
		{E4654C35-9D66-4F55-B871-262C67D8F9CE}.Release|Any CPU.ActiveCfg = Release|Any CPU
		{E4654C35-9D66-4F55-B871-262C67D8F9CE}.Release|Any CPU.Build.0 = Release|Any CPU
		{E4654C35-9D66-4F55-B871-262C67D8F9CE}.Release|x64.ActiveCfg = Release|Any CPU
		{E4654C35-9D66-4F55-B871-262C67D8F9CE}.Release|x64.Build.0 = Release|Any CPU
		{D8EB5958-512E-4DE4-84DE-490858952C28}.Cover|Any CPU.ActiveCfg = Debug|Any CPU
		{D8EB5958-512E-4DE4-84DE-490858952C28}.Cover|Any CPU.Build.0 = Debug|Any CPU
		{D8EB5958-512E-4DE4-84DE-490858952C28}.Cover|x64.ActiveCfg = Debug|Any CPU
		{D8EB5958-512E-4DE4-84DE-490858952C28}.Cover|x64.Build.0 = Debug|Any CPU
		{D8EB5958-512E-4DE4-84DE-490858952C28}.Debug|Any CPU.ActiveCfg = Debug|Any CPU
		{D8EB5958-512E-4DE4-84DE-490858952C28}.Debug|Any CPU.Build.0 = Debug|Any CPU
		{D8EB5958-512E-4DE4-84DE-490858952C28}.Debug|x64.ActiveCfg = Debug|Any CPU
		{D8EB5958-512E-4DE4-84DE-490858952C28}.Debug|x64.Build.0 = Debug|Any CPU
		{D8EB5958-512E-4DE4-84DE-490858952C28}.Release|Any CPU.ActiveCfg = Release|Any CPU
		{D8EB5958-512E-4DE4-84DE-490858952C28}.Release|Any CPU.Build.0 = Release|Any CPU
		{D8EB5958-512E-4DE4-84DE-490858952C28}.Release|x64.ActiveCfg = Release|Any CPU
		{D8EB5958-512E-4DE4-84DE-490858952C28}.Release|x64.Build.0 = Release|Any CPU
		{5BBC39A9-6CF8-46DF-ABDB-D73E8D595396}.Cover|Any CPU.ActiveCfg = Debug|Any CPU
		{5BBC39A9-6CF8-46DF-ABDB-D73E8D595396}.Cover|Any CPU.Build.0 = Debug|Any CPU
		{5BBC39A9-6CF8-46DF-ABDB-D73E8D595396}.Cover|x64.ActiveCfg = Debug|Any CPU
		{5BBC39A9-6CF8-46DF-ABDB-D73E8D595396}.Cover|x64.Build.0 = Debug|Any CPU
		{5BBC39A9-6CF8-46DF-ABDB-D73E8D595396}.Debug|Any CPU.ActiveCfg = Debug|Any CPU
		{5BBC39A9-6CF8-46DF-ABDB-D73E8D595396}.Debug|Any CPU.Build.0 = Debug|Any CPU
		{5BBC39A9-6CF8-46DF-ABDB-D73E8D595396}.Debug|x64.ActiveCfg = Debug|Any CPU
		{5BBC39A9-6CF8-46DF-ABDB-D73E8D595396}.Debug|x64.Build.0 = Debug|Any CPU
		{5BBC39A9-6CF8-46DF-ABDB-D73E8D595396}.Release|Any CPU.ActiveCfg = Release|Any CPU
		{5BBC39A9-6CF8-46DF-ABDB-D73E8D595396}.Release|Any CPU.Build.0 = Release|Any CPU
		{5BBC39A9-6CF8-46DF-ABDB-D73E8D595396}.Release|x64.ActiveCfg = Release|Any CPU
		{5BBC39A9-6CF8-46DF-ABDB-D73E8D595396}.Release|x64.Build.0 = Release|Any CPU
		{EBBB0187-4917-4E32-8CCF-9C9C63F9B749}.Cover|Any CPU.ActiveCfg = Debug|Any CPU
		{EBBB0187-4917-4E32-8CCF-9C9C63F9B749}.Cover|Any CPU.Build.0 = Debug|Any CPU
		{EBBB0187-4917-4E32-8CCF-9C9C63F9B749}.Cover|x64.ActiveCfg = Debug|Any CPU
		{EBBB0187-4917-4E32-8CCF-9C9C63F9B749}.Cover|x64.Build.0 = Debug|Any CPU
		{EBBB0187-4917-4E32-8CCF-9C9C63F9B749}.Debug|Any CPU.ActiveCfg = Debug|Any CPU
		{EBBB0187-4917-4E32-8CCF-9C9C63F9B749}.Debug|Any CPU.Build.0 = Debug|Any CPU
		{EBBB0187-4917-4E32-8CCF-9C9C63F9B749}.Debug|x64.ActiveCfg = Debug|Any CPU
		{EBBB0187-4917-4E32-8CCF-9C9C63F9B749}.Debug|x64.Build.0 = Debug|Any CPU
		{EBBB0187-4917-4E32-8CCF-9C9C63F9B749}.Release|Any CPU.ActiveCfg = Release|Any CPU
		{EBBB0187-4917-4E32-8CCF-9C9C63F9B749}.Release|Any CPU.Build.0 = Release|Any CPU
		{EBBB0187-4917-4E32-8CCF-9C9C63F9B749}.Release|x64.ActiveCfg = Release|Any CPU
		{EBBB0187-4917-4E32-8CCF-9C9C63F9B749}.Release|x64.Build.0 = Release|Any CPU
		{2D6BAA64-561F-44B3-B467-DF3B3A158625}.Cover|Any CPU.ActiveCfg = Debug|Any CPU
		{2D6BAA64-561F-44B3-B467-DF3B3A158625}.Cover|Any CPU.Build.0 = Debug|Any CPU
		{2D6BAA64-561F-44B3-B467-DF3B3A158625}.Cover|x64.ActiveCfg = Debug|Any CPU
		{2D6BAA64-561F-44B3-B467-DF3B3A158625}.Cover|x64.Build.0 = Debug|Any CPU
		{2D6BAA64-561F-44B3-B467-DF3B3A158625}.Debug|Any CPU.ActiveCfg = Debug|Any CPU
		{2D6BAA64-561F-44B3-B467-DF3B3A158625}.Debug|Any CPU.Build.0 = Debug|Any CPU
		{2D6BAA64-561F-44B3-B467-DF3B3A158625}.Debug|x64.ActiveCfg = Debug|Any CPU
		{2D6BAA64-561F-44B3-B467-DF3B3A158625}.Debug|x64.Build.0 = Debug|Any CPU
		{2D6BAA64-561F-44B3-B467-DF3B3A158625}.Release|Any CPU.ActiveCfg = Release|Any CPU
		{2D6BAA64-561F-44B3-B467-DF3B3A158625}.Release|Any CPU.Build.0 = Release|Any CPU
		{2D6BAA64-561F-44B3-B467-DF3B3A158625}.Release|x64.ActiveCfg = Release|Any CPU
		{2D6BAA64-561F-44B3-B467-DF3B3A158625}.Release|x64.Build.0 = Release|Any CPU
	EndGlobalSection
	GlobalSection(SolutionProperties) = preSolution
		HideSolutionNode = FALSE
	EndGlobalSection
	GlobalSection(NestedProjects) = preSolution
		{4D0FBC91-268E-44DD-AC10-6851A69C52FB} = {B382B965-7D1B-4DE8-8007-197741C49F88}
		{D6A405BF-15E1-46D3-8C13-210BA043ADC5} = {B382B965-7D1B-4DE8-8007-197741C49F88}
		{D8EB5958-512E-4DE4-84DE-490858952C28} = {75D74BC0-6F88-4471-9F48-B111DEECB9B1}
		{5BBC39A9-6CF8-46DF-ABDB-D73E8D595396} = {042A88C2-26BC-40A5-8838-48DE25C24468}
		{EBBB0187-4917-4E32-8CCF-9C9C63F9B749} = {042A88C2-26BC-40A5-8838-48DE25C24468}
		{2D6BAA64-561F-44B3-B467-DF3B3A158625} = {75D74BC0-6F88-4471-9F48-B111DEECB9B1}
	EndGlobalSection
	GlobalSection(ExtensibilityGlobals) = postSolution
		SolutionGuid = {C6A1D820-CB03-4DE6-87D1-46EF476F0040}
	EndGlobalSection
EndGlobal
