
Microsoft Visual Studio Solution File, Format Version 12.00
# Visual Studio Version 17
VisualStudioVersion = 17.5.33530.505
MinimumVisualStudioVersion = 10.0.40219.1
Project("{9A19103F-16F7-4668-BE54-9A1E7A4F7556}") = "FaultInjection", "FaultInjection.csproj", "{35F312B5-93FF-45E5-BAD9-513697476B7C}"
EndProject
Project("{9A19103F-16F7-4668-BE54-9A1E7A4F7556}") = "FaultInjectionTests", "..\tests\FaultInjectionTests.csproj", "{C14C69A7-C282-4526-BCD1-CEADA4ECED8F}"
EndProject
Project("{9A19103F-16F7-4668-BE54-9A1E7A4F7556}") = "Microsoft.Azure.Cosmos", "..\..\..\..\Microsoft.Azure.Cosmos\src\Microsoft.Azure.Cosmos.csproj", "{01A51453-D95E-4ED6-88AD-76A958CF516B}"
EndProject
Global
	GlobalSection(SolutionConfigurationPlatforms) = preSolution
		Debug|Any CPU = Debug|Any CPU
		Release|Any CPU = Release|Any CPU
	EndGlobalSection
	GlobalSection(ProjectConfigurationPlatforms) = postSolution
		{35F312B5-93FF-45E5-BAD9-513697476B7C}.Debug|Any CPU.ActiveCfg = Debug|Any CPU
		{35F312B5-93FF-45E5-BAD9-513697476B7C}.Debug|Any CPU.Build.0 = Debug|Any CPU
		{35F312B5-93FF-45E5-BAD9-513697476B7C}.Release|Any CPU.ActiveCfg = Release|Any CPU
		{35F312B5-93FF-45E5-BAD9-513697476B7C}.Release|Any CPU.Build.0 = Release|Any CPU
		{C14C69A7-C282-4526-BCD1-CEADA4ECED8F}.Debug|Any CPU.ActiveCfg = Debug|Any CPU
		{C14C69A7-C282-4526-BCD1-CEADA4ECED8F}.Debug|Any CPU.Build.0 = Debug|Any CPU
		{C14C69A7-C282-4526-BCD1-CEADA4ECED8F}.Release|Any CPU.ActiveCfg = Release|Any CPU
		{C14C69A7-C282-4526-BCD1-CEADA4ECED8F}.Release|Any CPU.Build.0 = Release|Any CPU
		{01A51453-D95E-4ED6-88AD-76A958CF516B}.Debug|Any CPU.ActiveCfg = Debug|Any CPU
		{01A51453-D95E-4ED6-88AD-76A958CF516B}.Debug|Any CPU.Build.0 = Debug|Any CPU
		{01A51453-D95E-4ED6-88AD-76A958CF516B}.Release|Any CPU.ActiveCfg = Release|Any CPU
		{01A51453-D95E-4ED6-88AD-76A958CF516B}.Release|Any CPU.Build.0 = Release|Any CPU
	EndGlobalSection
	GlobalSection(SolutionProperties) = preSolution
		HideSolutionNode = FALSE
	EndGlobalSection
	GlobalSection(ExtensibilityGlobals) = postSolution
		SolutionGuid = {9B003F88-147A-4B56-9BB3-EBCF53BA8D2A}
	EndGlobalSection
EndGlobal
