
Microsoft Visual Studio Solution File, Format Version 12.00
# Visual Studio Version 16
VisualStudioVersion = 16.0.29102.190
MinimumVisualStudioVersion = 10.0.40219.1
Project("{9A19103F-16F7-4668-BE54-9A1E7A4F7556}") = "CosmosBenchmark", "CosmosBenchmark.csproj", "{929BCCC9-E268-4788-A6C8-3CA441E20965}"
EndProject
Project("{9A19103F-16F7-4668-BE54-9A1E7A4F7556}") = "Microsoft.Azure.Cosmos", "..\..\..\Microsoft.Azure.Cosmos\src\Microsoft.Azure.Cosmos.csproj", "{D63D6630-D00A-46A8-93D1-7EB5496DC471}"
EndProject
Global
	GlobalSection(SolutionConfigurationPlatforms) = preSolution
		Debug|Any CPU = Debug|Any CPU
		Release|Any CPU = Release|Any CPU
	EndGlobalSection
	GlobalSection(ProjectConfigurationPlatforms) = postSolution
		{929BCCC9-E268-4788-A6C8-3CA441E20965}.Debug|Any CPU.ActiveCfg = Debug|Any CPU
		{929BCCC9-E268-4788-A6C8-3CA441E20965}.Debug|Any CPU.Build.0 = Debug|Any CPU
		{929BCCC9-E268-4788-A6C8-3CA441E20965}.Release|Any CPU.ActiveCfg = Release|Any CPU
		{929BCCC9-E268-4788-A6C8-3CA441E20965}.Release|Any CPU.Build.0 = Release|Any CPU
		{D63D6630-D00A-46A8-93D1-7EB5496DC471}.Debug|Any CPU.ActiveCfg = Debug|Any CPU
		{D63D6630-D00A-46A8-93D1-7EB5496DC471}.Debug|Any CPU.Build.0 = Debug|Any CPU
		{D63D6630-D00A-46A8-93D1-7EB5496DC471}.Release|Any CPU.ActiveCfg = Release|Any CPU
		{D63D6630-D00A-46A8-93D1-7EB5496DC471}.Release|Any CPU.Build.0 = Release|Any CPU
	EndGlobalSection
	GlobalSection(SolutionProperties) = preSolution
		HideSolutionNode = FALSE
	EndGlobalSection
	GlobalSection(ExtensibilityGlobals) = postSolution
		SolutionGuid = {10D3E3B8-6759-4860-89E6-1DCB92A62664}
	EndGlobalSection
EndGlobal
