
Microsoft Visual Studio Solution File, Format Version 12.00
# Visual Studio Version 17
VisualStudioVersion = 17.8.34525.116
MinimumVisualStudioVersion = 10.0.40219.1
Project("{9A19103F-16F7-4668-BE54-9A1E7A4F7556}") = "WorkloadTests", "WorkloadTests.csproj", "{D6C415CF-9418-4F79-9F87-57BC22759DA4}"
EndProject
Project("{9A19103F-16F7-4668-BE54-9A1E7A4F7556}") = "Microsoft.Azure.Cosmos", "..\..\..\Microsoft.Azure.Cosmos\src\Microsoft.Azure.Cosmos.csproj", "{881D3916-74DC-4194-BCF3-4A2DDBDC40F8}"
EndProject
Global
	GlobalSection(SolutionConfigurationPlatforms) = preSolution
		Debug|Any CPU = Debug|Any CPU
		Release|Any CPU = Release|Any CPU
	EndGlobalSection
	GlobalSection(ProjectConfigurationPlatforms) = postSolution
		{D6C415CF-9418-4F79-9F87-57BC22759DA4}.Debug|Any CPU.ActiveCfg = Debug|Any CPU
		{D6C415CF-9418-4F79-9F87-57BC22759DA4}.Debug|Any CPU.Build.0 = Debug|Any CPU
		{D6C415CF-9418-4F79-9F87-57BC22759DA4}.Release|Any CPU.ActiveCfg = Release|Any CPU
		{D6C415CF-9418-4F79-9F87-57BC22759DA4}.Release|Any CPU.Build.0 = Release|Any CPU
		{881D3916-74DC-4194-BCF3-4A2DDBDC40F8}.Debug|Any CPU.ActiveCfg = Debug|Any CPU
		{881D3916-74DC-4194-BCF3-4A2DDBDC40F8}.Debug|Any CPU.Build.0 = Debug|Any CPU
		{881D3916-74DC-4194-BCF3-4A2DDBDC40F8}.Release|Any CPU.ActiveCfg = Release|Any CPU
		{881D3916-74DC-4194-BCF3-4A2DDBDC40F8}.Release|Any CPU.Build.0 = Release|Any CPU
	EndGlobalSection
	GlobalSection(SolutionProperties) = preSolution
		HideSolutionNode = FALSE
	EndGlobalSection
	GlobalSection(ExtensibilityGlobals) = postSolution
		SolutionGuid = {3755544C-634B-4B82-981B-05E505968EA8}
	EndGlobalSection
EndGlobal
