
Microsoft Visual Studio Solution File, Format Version 12.00
# Visual Studio Version 17
VisualStudioVersion = 17.0.31903.59
MinimumVisualStudioVersion = 10.0.40219.1
Project("{FAE04EC0-301F-11D3-BF4B-00C04F79EFBC}") = "Cosmos.Sample", "Cosmos.Sample.csproj", "{F7AF83F8-9A47-4EE8-80A4-ECEC26015B0E}"
EndProject
Project("{FAE04EC0-301F-11D3-BF4B-00C04F79EFBC}") = "Microsoft.Azure.Cosmos", "..\Microsoft.Azure.Cosmos\src\Microsoft.Azure.Cosmos.csproj", "{265E593A-FAF3-4169-9E9D-14916F6FB3AC}"
EndProject
Global
	GlobalSection(SolutionConfigurationPlatforms) = preSolution
		Debug|Any CPU = Debug|Any CPU
		Debug|x64 = Debug|x64
		Debug|x86 = Debug|x86
		Release|Any CPU = Release|Any CPU
		Release|x64 = Release|x64
		Release|x86 = Release|x86
	EndGlobalSection
	GlobalSection(ProjectConfigurationPlatforms) = postSolution
		{F7AF83F8-9A47-4EE8-80A4-ECEC26015B0E}.Debug|Any CPU.ActiveCfg = Debug|Any CPU
		{F7AF83F8-9A47-4EE8-80A4-ECEC26015B0E}.Debug|Any CPU.Build.0 = Debug|Any CPU
		{F7AF83F8-9A47-4EE8-80A4-ECEC26015B0E}.Debug|x64.ActiveCfg = Debug|Any CPU
		{F7AF83F8-9A47-4EE8-80A4-ECEC26015B0E}.Debug|x64.Build.0 = Debug|Any CPU
		{F7AF83F8-9A47-4EE8-80A4-ECEC26015B0E}.Debug|x86.ActiveCfg = Debug|Any CPU
		{F7AF83F8-9A47-4EE8-80A4-ECEC26015B0E}.Debug|x86.Build.0 = Debug|Any CPU
		{F7AF83F8-9A47-4EE8-80A4-ECEC26015B0E}.Release|Any CPU.ActiveCfg = Release|Any CPU
		{F7AF83F8-9A47-4EE8-80A4-ECEC26015B0E}.Release|Any CPU.Build.0 = Release|Any CPU
		{F7AF83F8-9A47-4EE8-80A4-ECEC26015B0E}.Release|x64.ActiveCfg = Release|Any CPU
		{F7AF83F8-9A47-4EE8-80A4-ECEC26015B0E}.Release|x64.Build.0 = Release|Any CPU
		{F7AF83F8-9A47-4EE8-80A4-ECEC26015B0E}.Release|x86.ActiveCfg = Release|Any CPU
		{F7AF83F8-9A47-4EE8-80A4-ECEC26015B0E}.Release|x86.Build.0 = Release|Any CPU
		{265E593A-FAF3-4169-9E9D-14916F6FB3AC}.Debug|Any CPU.ActiveCfg = Debug|Any CPU
		{265E593A-FAF3-4169-9E9D-14916F6FB3AC}.Debug|Any CPU.Build.0 = Debug|Any CPU
		{265E593A-FAF3-4169-9E9D-14916F6FB3AC}.Debug|x64.ActiveCfg = Debug|Any CPU
		{265E593A-FAF3-4169-9E9D-14916F6FB3AC}.Debug|x64.Build.0 = Debug|Any CPU
		{265E593A-FAF3-4169-9E9D-14916F6FB3AC}.Debug|x86.ActiveCfg = Debug|Any CPU
		{265E593A-FAF3-4169-9E9D-14916F6FB3AC}.Debug|x86.Build.0 = Debug|Any CPU
		{265E593A-FAF3-4169-9E9D-14916F6FB3AC}.Release|Any CPU.ActiveCfg = Release|Any CPU
		{265E593A-FAF3-4169-9E9D-14916F6FB3AC}.Release|Any CPU.Build.0 = Release|Any CPU
		{265E593A-FAF3-4169-9E9D-14916F6FB3AC}.Release|x64.ActiveCfg = Release|Any CPU
		{265E593A-FAF3-4169-9E9D-14916F6FB3AC}.Release|x64.Build.0 = Release|Any CPU
		{265E593A-FAF3-4169-9E9D-14916F6FB3AC}.Release|x86.ActiveCfg = Release|Any CPU
		{265E593A-FAF3-4169-9E9D-14916F6FB3AC}.Release|x86.Build.0 = Release|Any CPU
	EndGlobalSection
	GlobalSection(SolutionProperties) = preSolution
		HideSolutionNode = FALSE
	EndGlobalSection
EndGlobal
