
Microsoft Visual Studio Solution File, Format Version 12.00
# Visual Studio Version 17
VisualStudioVersion = 17.4.33205.214
MinimumVisualStudioVersion = 10.0.40219.1
Project("{9A19103F-16F7-4668-BE54-9A1E7A4F7556}") = "DatabaseManagement", "DatabaseManagement\DatabaseManagement.csproj", "{F972386A-B03D-4453-88C7-948CB107C029}"
EndProject
Project("{9A19103F-16F7-4668-BE54-9A1E7A4F7556}") = "ContainerManagement", "ContainerManagement\ContainerManagement.csproj", "{6ACA3641-A6DB-4D19-AC3F-F43A69DFB52F}"
EndProject
Project("{9A19103F-16F7-4668-BE54-9A1E7A4F7556}") = "ItemManagement", "ItemManagement\ItemManagement.csproj", "{FF1C9654-E125-47ED-8EC1-E82156D5EED3}"
EndProject
Project("{9A19103F-16F7-4668-BE54-9A1E7A4F7556}") = "Shared", "Shared\Shared.csproj", "{5A9CFB9C-7261-4DE9-9CCB-A8A6D0207B83}"
EndProject
Project("{9A19103F-16F7-4668-BE54-9A1E7A4F7556}") = "Queries", "Queries\Queries.csproj", "{107BAEC4-BF37-4872-9193-AEE6F0A947E1}"
EndProject
Project("{9A19103F-16F7-4668-BE54-9A1E7A4F7556}") = "ServerSideScripts", "ServerSideScripts\ServerSideScripts.csproj", "{7FCC3B73-85FC-42A7-96AB-3D508BB871BD}"
EndProject
Project("{9A19103F-16F7-4668-BE54-9A1E7A4F7556}") = "HandlerSample", "Handlers\HandlerSample.csproj", "{DAE99683-1049-4E8F-9580-5C9B5562D9A7}"
EndProject
Project("{9A19103F-16F7-4668-BE54-9A1E7A4F7556}") = "AzureFunctions", "AzureFunctions\AzureFunctions.csproj", "{4D375AAB-E67E-4A0C-9418-F512F705C574}"
EndProject
Project("{9A19103F-16F7-4668-BE54-9A1E7A4F7556}") = "NonPartitionContainerMigration", "NonPartitionContainerMigration\NonPartitionContainerMigration.csproj", "{C1A42351-39FC-4600-A235-FF5A90B02628}"
EndProject
Project("{9A19103F-16F7-4668-BE54-9A1E7A4F7556}") = "CustomSerialization", "CustomSerialization\CustomSerialization.csproj", "{61EA3F61-F2ED-4FD4-89EC-06342C5AE3C9}"
EndProject
Project("{9A19103F-16F7-4668-BE54-9A1E7A4F7556}") = "PowerShellRestApi", "PowerShellRestApi\PowerShellRestApi.csproj", "{A67B259B-9E3F-4689-9691-B250A88593BB}"
EndProject
Project("{9A19103F-16F7-4668-BE54-9A1E7A4F7556}") = "ChangeFeed", "ChangeFeed\ChangeFeed.csproj", "{D4959F3F-14FD-4AEA-851F-EEF944393603}"
EndProject
Project("{9A19103F-16F7-4668-BE54-9A1E7A4F7556}") = "BulkSupport", "BulkSupport\BulkSupport.csproj", "{71ADD826-17CB-4095-B4F7-C5CDEDC731EA}"
EndProject
Project("{9A19103F-16F7-4668-BE54-9A1E7A4F7556}") = "IndexManagement", "IndexManagement\IndexManagement.csproj", "{BDAA451B-C9C8-4D29-AF1E-1748B8720BEC}"
EndProject
Project("{9A19103F-16F7-4668-BE54-9A1E7A4F7556}") = "TransactionalBatch", "TransactionalBatch\TransactionalBatch.csproj", "{2F124644-761C-4DD8-9C4D-229AC71E6C3A}"
EndProject
Project("{9A19103F-16F7-4668-BE54-9A1E7A4F7556}") = "UserManagement", "UserManagement\UserManagement.csproj", "{8A7E08FC-5ADD-4E6E-829A-55EC40057CD1}"
EndProject
Project("{9A19103F-16F7-4668-BE54-9A1E7A4F7556}") = "BulkExecutorMigration", "BulkExecutorMigration\BulkExecutorMigration.csproj", "{DC8D7000-8291-4E75-B12F-DD2D38586467}"
EndProject
Project("{9A19103F-16F7-4668-BE54-9A1E7A4F7556}") = "Encryption", "Encryption\Encryption.csproj", "{12D9E6FC-C5D1-44F4-AF41-CEBEA9A89B1E}"
EndProject
Project("{9A19103F-16F7-4668-BE54-9A1E7A4F7556}") = "HttpClientFactory", "HttpClientFactory\HttpClientFactory.csproj", "{D4CFD5B2-67A8-4383-947F-FAADD998043E}"
EndProject
Project("{9A19103F-16F7-4668-BE54-9A1E7A4F7556}") = "Geospatial", "Geospatial\Geospatial.csproj", "{BA8F6FE6-78FC-4828-BBBC-5B9D7D46F7AA}"
EndProject
Project("{9A19103F-16F7-4668-BE54-9A1E7A4F7556}") = "SystemTextJson", "SystemTextJson\SystemTextJson.csproj", "{C0C25501-9C49-4B6F-BB7D-40E4FB47CE7B}"
EndProject
Project("{9A19103F-16F7-4668-BE54-9A1E7A4F7556}") = "ReEncryption", "ReEncryption\ReEncryption.csproj", "{AD6DEC94-EF8E-4C42-8A99-B98E101F933D}"
EndProject
Project("{9A19103F-16F7-4668-BE54-9A1E7A4F7556}") = "CFPullModelAllVersionsAndDeletesMode", "CFPullModelAllVersionsAndDeletesMode\CFPullModelAllVersionsAndDeletesMode.csproj", "{7D808579-73BD-4D60-A7A5-D88FFF568C37}"
EndProject
Project("{9A19103F-16F7-4668-BE54-9A1E7A4F7556}") = "CFPullModelLatestVersionMode", "CFPullModelLatestVersionMode\CFPullModelLatestVersionMode.csproj", "{985B0E0A-D480-4C3C-A1FC-589F2EC4BBF6}"
EndProject
Project("{9A19103F-16F7-4668-BE54-9A1E7A4F7556}") = "OpenTelemetry", "OpenTelemetry\OpenTelemetry.csproj", "{C6EF6948-C085-4013-A21F-99303ECBA7A9}"
EndProject
Project("{9A19103F-16F7-4668-BE54-9A1E7A4F7556}") = "ApplicationInsights", "ApplicationInsights\ApplicationInsights.csproj", "{55149A3C-A263-4EE5-AD2D-02FE9AC4D291}"
EndProject
Project("{9A19103F-16F7-4668-BE54-9A1E7A4F7556}") = "CustomDiagnosticAndEventListener", "CustomDiagnosticAndEventListener\CustomDiagnosticAndEventListener.csproj", "{9BE3551E-31A1-4186-9D2F-DC325411A39D}"
EndProject
Project("{FAE04EC0-301F-11D3-BF4B-00C04F79EFBC}") = "ChangeFeedAllVersionsAndDeletes", "ChangeFeedAllVersionsAndDeletes\ChangeFeedAllVersionsAndDeletes.csproj", "{6B26AD21-63D1-4C68-A45A-5E066E3FD7F8}"
EndProject
Global
	GlobalSection(SolutionConfigurationPlatforms) = preSolution
		Debug|Any CPU = Debug|Any CPU
		Release|Any CPU = Release|Any CPU
	EndGlobalSection
	GlobalSection(ProjectConfigurationPlatforms) = postSolution
		{F972386A-B03D-4453-88C7-948CB107C029}.Debug|Any CPU.ActiveCfg = Debug|Any CPU
		{F972386A-B03D-4453-88C7-948CB107C029}.Debug|Any CPU.Build.0 = Debug|Any CPU
		{F972386A-B03D-4453-88C7-948CB107C029}.Release|Any CPU.ActiveCfg = Release|Any CPU
		{F972386A-B03D-4453-88C7-948CB107C029}.Release|Any CPU.Build.0 = Release|Any CPU
		{6ACA3641-A6DB-4D19-AC3F-F43A69DFB52F}.Debug|Any CPU.ActiveCfg = Debug|Any CPU
		{6ACA3641-A6DB-4D19-AC3F-F43A69DFB52F}.Debug|Any CPU.Build.0 = Debug|Any CPU
		{6ACA3641-A6DB-4D19-AC3F-F43A69DFB52F}.Release|Any CPU.ActiveCfg = Release|Any CPU
		{6ACA3641-A6DB-4D19-AC3F-F43A69DFB52F}.Release|Any CPU.Build.0 = Release|Any CPU
		{FF1C9654-E125-47ED-8EC1-E82156D5EED3}.Debug|Any CPU.ActiveCfg = Debug|Any CPU
		{FF1C9654-E125-47ED-8EC1-E82156D5EED3}.Debug|Any CPU.Build.0 = Debug|Any CPU
		{FF1C9654-E125-47ED-8EC1-E82156D5EED3}.Release|Any CPU.ActiveCfg = Release|Any CPU
		{FF1C9654-E125-47ED-8EC1-E82156D5EED3}.Release|Any CPU.Build.0 = Release|Any CPU
		{5A9CFB9C-7261-4DE9-9CCB-A8A6D0207B83}.Debug|Any CPU.ActiveCfg = Debug|Any CPU
		{5A9CFB9C-7261-4DE9-9CCB-A8A6D0207B83}.Debug|Any CPU.Build.0 = Debug|Any CPU
		{5A9CFB9C-7261-4DE9-9CCB-A8A6D0207B83}.Release|Any CPU.ActiveCfg = Release|Any CPU
		{5A9CFB9C-7261-4DE9-9CCB-A8A6D0207B83}.Release|Any CPU.Build.0 = Release|Any CPU
		{107BAEC4-BF37-4872-9193-AEE6F0A947E1}.Debug|Any CPU.ActiveCfg = Debug|Any CPU
		{107BAEC4-BF37-4872-9193-AEE6F0A947E1}.Debug|Any CPU.Build.0 = Debug|Any CPU
		{107BAEC4-BF37-4872-9193-AEE6F0A947E1}.Release|Any CPU.ActiveCfg = Release|Any CPU
		{107BAEC4-BF37-4872-9193-AEE6F0A947E1}.Release|Any CPU.Build.0 = Release|Any CPU
		{7FCC3B73-85FC-42A7-96AB-3D508BB871BD}.Debug|Any CPU.ActiveCfg = Debug|Any CPU
		{7FCC3B73-85FC-42A7-96AB-3D508BB871BD}.Debug|Any CPU.Build.0 = Debug|Any CPU
		{7FCC3B73-85FC-42A7-96AB-3D508BB871BD}.Release|Any CPU.ActiveCfg = Release|Any CPU
		{7FCC3B73-85FC-42A7-96AB-3D508BB871BD}.Release|Any CPU.Build.0 = Release|Any CPU
		{DAE99683-1049-4E8F-9580-5C9B5562D9A7}.Debug|Any CPU.ActiveCfg = Debug|Any CPU
		{DAE99683-1049-4E8F-9580-5C9B5562D9A7}.Debug|Any CPU.Build.0 = Debug|Any CPU
		{DAE99683-1049-4E8F-9580-5C9B5562D9A7}.Release|Any CPU.ActiveCfg = Release|Any CPU
		{DAE99683-1049-4E8F-9580-5C9B5562D9A7}.Release|Any CPU.Build.0 = Release|Any CPU
		{4D375AAB-E67E-4A0C-9418-F512F705C574}.Debug|Any CPU.ActiveCfg = Debug|Any CPU
		{4D375AAB-E67E-4A0C-9418-F512F705C574}.Debug|Any CPU.Build.0 = Debug|Any CPU
		{4D375AAB-E67E-4A0C-9418-F512F705C574}.Release|Any CPU.ActiveCfg = Release|Any CPU
		{4D375AAB-E67E-4A0C-9418-F512F705C574}.Release|Any CPU.Build.0 = Release|Any CPU
		{C1A42351-39FC-4600-A235-FF5A90B02628}.Debug|Any CPU.ActiveCfg = Debug|Any CPU
		{C1A42351-39FC-4600-A235-FF5A90B02628}.Debug|Any CPU.Build.0 = Debug|Any CPU
		{C1A42351-39FC-4600-A235-FF5A90B02628}.Release|Any CPU.ActiveCfg = Release|Any CPU
		{C1A42351-39FC-4600-A235-FF5A90B02628}.Release|Any CPU.Build.0 = Release|Any CPU
		{61EA3F61-F2ED-4FD4-89EC-06342C5AE3C9}.Debug|Any CPU.ActiveCfg = Debug|Any CPU
		{61EA3F61-F2ED-4FD4-89EC-06342C5AE3C9}.Debug|Any CPU.Build.0 = Debug|Any CPU
		{61EA3F61-F2ED-4FD4-89EC-06342C5AE3C9}.Release|Any CPU.ActiveCfg = Release|Any CPU
		{61EA3F61-F2ED-4FD4-89EC-06342C5AE3C9}.Release|Any CPU.Build.0 = Release|Any CPU
		{A67B259B-9E3F-4689-9691-B250A88593BB}.Debug|Any CPU.ActiveCfg = Debug|Any CPU
		{A67B259B-9E3F-4689-9691-B250A88593BB}.Debug|Any CPU.Build.0 = Debug|Any CPU
		{A67B259B-9E3F-4689-9691-B250A88593BB}.Release|Any CPU.ActiveCfg = Release|Any CPU
		{A67B259B-9E3F-4689-9691-B250A88593BB}.Release|Any CPU.Build.0 = Release|Any CPU
		{D4959F3F-14FD-4AEA-851F-EEF944393603}.Debug|Any CPU.ActiveCfg = Debug|Any CPU
		{D4959F3F-14FD-4AEA-851F-EEF944393603}.Debug|Any CPU.Build.0 = Debug|Any CPU
		{D4959F3F-14FD-4AEA-851F-EEF944393603}.Release|Any CPU.ActiveCfg = Release|Any CPU
		{D4959F3F-14FD-4AEA-851F-EEF944393603}.Release|Any CPU.Build.0 = Release|Any CPU
		{71ADD826-17CB-4095-B4F7-C5CDEDC731EA}.Debug|Any CPU.ActiveCfg = Debug|Any CPU
		{71ADD826-17CB-4095-B4F7-C5CDEDC731EA}.Debug|Any CPU.Build.0 = Debug|Any CPU
		{71ADD826-17CB-4095-B4F7-C5CDEDC731EA}.Release|Any CPU.ActiveCfg = Release|Any CPU
		{71ADD826-17CB-4095-B4F7-C5CDEDC731EA}.Release|Any CPU.Build.0 = Release|Any CPU
		{BDAA451B-C9C8-4D29-AF1E-1748B8720BEC}.Debug|Any CPU.ActiveCfg = Debug|Any CPU
		{BDAA451B-C9C8-4D29-AF1E-1748B8720BEC}.Debug|Any CPU.Build.0 = Debug|Any CPU
		{BDAA451B-C9C8-4D29-AF1E-1748B8720BEC}.Release|Any CPU.ActiveCfg = Release|Any CPU
		{BDAA451B-C9C8-4D29-AF1E-1748B8720BEC}.Release|Any CPU.Build.0 = Release|Any CPU
		{2F124644-761C-4DD8-9C4D-229AC71E6C3A}.Debug|Any CPU.ActiveCfg = Debug|Any CPU
		{2F124644-761C-4DD8-9C4D-229AC71E6C3A}.Debug|Any CPU.Build.0 = Debug|Any CPU
		{2F124644-761C-4DD8-9C4D-229AC71E6C3A}.Release|Any CPU.ActiveCfg = Release|Any CPU
		{2F124644-761C-4DD8-9C4D-229AC71E6C3A}.Release|Any CPU.Build.0 = Release|Any CPU
		{8A7E08FC-5ADD-4E6E-829A-55EC40057CD1}.Debug|Any CPU.ActiveCfg = Debug|Any CPU
		{8A7E08FC-5ADD-4E6E-829A-55EC40057CD1}.Debug|Any CPU.Build.0 = Debug|Any CPU
		{8A7E08FC-5ADD-4E6E-829A-55EC40057CD1}.Release|Any CPU.ActiveCfg = Release|Any CPU
		{8A7E08FC-5ADD-4E6E-829A-55EC40057CD1}.Release|Any CPU.Build.0 = Release|Any CPU
		{DC8D7000-8291-4E75-B12F-DD2D38586467}.Debug|Any CPU.ActiveCfg = Debug|Any CPU
		{DC8D7000-8291-4E75-B12F-DD2D38586467}.Debug|Any CPU.Build.0 = Debug|Any CPU
		{DC8D7000-8291-4E75-B12F-DD2D38586467}.Release|Any CPU.ActiveCfg = Release|Any CPU
		{DC8D7000-8291-4E75-B12F-DD2D38586467}.Release|Any CPU.Build.0 = Release|Any CPU
		{12D9E6FC-C5D1-44F4-AF41-CEBEA9A89B1E}.Debug|Any CPU.ActiveCfg = Debug|Any CPU
		{12D9E6FC-C5D1-44F4-AF41-CEBEA9A89B1E}.Debug|Any CPU.Build.0 = Debug|Any CPU
		{12D9E6FC-C5D1-44F4-AF41-CEBEA9A89B1E}.Release|Any CPU.ActiveCfg = Release|Any CPU
		{12D9E6FC-C5D1-44F4-AF41-CEBEA9A89B1E}.Release|Any CPU.Build.0 = Release|Any CPU
		{D4CFD5B2-67A8-4383-947F-FAADD998043E}.Debug|Any CPU.ActiveCfg = Debug|Any CPU
		{D4CFD5B2-67A8-4383-947F-FAADD998043E}.Debug|Any CPU.Build.0 = Debug|Any CPU
		{D4CFD5B2-67A8-4383-947F-FAADD998043E}.Release|Any CPU.ActiveCfg = Release|Any CPU
		{D4CFD5B2-67A8-4383-947F-FAADD998043E}.Release|Any CPU.Build.0 = Release|Any CPU
		{BA8F6FE6-78FC-4828-BBBC-5B9D7D46F7AA}.Debug|Any CPU.ActiveCfg = Debug|Any CPU
		{BA8F6FE6-78FC-4828-BBBC-5B9D7D46F7AA}.Debug|Any CPU.Build.0 = Debug|Any CPU
		{BA8F6FE6-78FC-4828-BBBC-5B9D7D46F7AA}.Release|Any CPU.ActiveCfg = Release|Any CPU
		{BA8F6FE6-78FC-4828-BBBC-5B9D7D46F7AA}.Release|Any CPU.Build.0 = Release|Any CPU
		{C0C25501-9C49-4B6F-BB7D-40E4FB47CE7B}.Debug|Any CPU.ActiveCfg = Debug|Any CPU
		{C0C25501-9C49-4B6F-BB7D-40E4FB47CE7B}.Debug|Any CPU.Build.0 = Debug|Any CPU
		{C0C25501-9C49-4B6F-BB7D-40E4FB47CE7B}.Release|Any CPU.ActiveCfg = Release|Any CPU
		{C0C25501-9C49-4B6F-BB7D-40E4FB47CE7B}.Release|Any CPU.Build.0 = Release|Any CPU
		{AD6DEC94-EF8E-4C42-8A99-B98E101F933D}.Debug|Any CPU.ActiveCfg = Debug|Any CPU
		{AD6DEC94-EF8E-4C42-8A99-B98E101F933D}.Debug|Any CPU.Build.0 = Debug|Any CPU
		{AD6DEC94-EF8E-4C42-8A99-B98E101F933D}.Release|Any CPU.ActiveCfg = Release|Any CPU
		{AD6DEC94-EF8E-4C42-8A99-B98E101F933D}.Release|Any CPU.Build.0 = Release|Any CPU
		{7D808579-73BD-4D60-A7A5-D88FFF568C37}.Debug|Any CPU.ActiveCfg = Debug|Any CPU
		{7D808579-73BD-4D60-A7A5-D88FFF568C37}.Debug|Any CPU.Build.0 = Debug|Any CPU
		{7D808579-73BD-4D60-A7A5-D88FFF568C37}.Release|Any CPU.ActiveCfg = Release|Any CPU
		{7D808579-73BD-4D60-A7A5-D88FFF568C37}.Release|Any CPU.Build.0 = Release|Any CPU
		{985B0E0A-D480-4C3C-A1FC-589F2EC4BBF6}.Debug|Any CPU.ActiveCfg = Debug|Any CPU
		{985B0E0A-D480-4C3C-A1FC-589F2EC4BBF6}.Debug|Any CPU.Build.0 = Debug|Any CPU
		{985B0E0A-D480-4C3C-A1FC-589F2EC4BBF6}.Release|Any CPU.ActiveCfg = Release|Any CPU
		{985B0E0A-D480-4C3C-A1FC-589F2EC4BBF6}.Release|Any CPU.Build.0 = Release|Any CPU
		{C6EF6948-C085-4013-A21F-99303ECBA7A9}.Debug|Any CPU.ActiveCfg = Debug|Any CPU
		{C6EF6948-C085-4013-A21F-99303ECBA7A9}.Debug|Any CPU.Build.0 = Debug|Any CPU
		{C6EF6948-C085-4013-A21F-99303ECBA7A9}.Release|Any CPU.ActiveCfg = Release|Any CPU
		{C6EF6948-C085-4013-A21F-99303ECBA7A9}.Release|Any CPU.Build.0 = Release|Any CPU
		{55149A3C-A263-4EE5-AD2D-02FE9AC4D291}.Debug|Any CPU.ActiveCfg = Debug|Any CPU
		{55149A3C-A263-4EE5-AD2D-02FE9AC4D291}.Debug|Any CPU.Build.0 = Debug|Any CPU
		{55149A3C-A263-4EE5-AD2D-02FE9AC4D291}.Release|Any CPU.ActiveCfg = Release|Any CPU
		{55149A3C-A263-4EE5-AD2D-02FE9AC4D291}.Release|Any CPU.Build.0 = Release|Any CPU
		{9BE3551E-31A1-4186-9D2F-DC325411A39D}.Debug|Any CPU.ActiveCfg = Debug|Any CPU
		{9BE3551E-31A1-4186-9D2F-DC325411A39D}.Debug|Any CPU.Build.0 = Debug|Any CPU
		{9BE3551E-31A1-4186-9D2F-DC325411A39D}.Release|Any CPU.ActiveCfg = Release|Any CPU
		{9BE3551E-31A1-4186-9D2F-DC325411A39D}.Release|Any CPU.Build.0 = Release|Any CPU
		{6B26AD21-63D1-4C68-A45A-5E066E3FD7F8}.Debug|Any CPU.ActiveCfg = Debug|Any CPU
		{6B26AD21-63D1-4C68-A45A-5E066E3FD7F8}.Debug|Any CPU.Build.0 = Debug|Any CPU
		{6B26AD21-63D1-4C68-A45A-5E066E3FD7F8}.Release|Any CPU.ActiveCfg = Release|Any CPU
		{6B26AD21-63D1-4C68-A45A-5E066E3FD7F8}.Release|Any CPU.Build.0 = Release|Any CPU
	EndGlobalSection
	GlobalSection(SolutionProperties) = preSolution
		HideSolutionNode = FALSE
	EndGlobalSection
	GlobalSection(ExtensibilityGlobals) = postSolution
		SolutionGuid = {BB174784-6D22-454F-9F1C-7DE233164C11}
	EndGlobalSection
EndGlobal
