
Microsoft Visual Studio Solution File, Format Version 12.00
# Visual Studio 15
VisualStudioVersion = 15.0.28307.645
MinimumVisualStudioVersion = 10.0.40219.1
Project("{9A19103F-16F7-4668-BE54-9A1E7A4F7556}") = "DatabaseManagement", "DatabaseManagement\DatabaseManagement.csproj", "{F972386A-B03D-4453-88C7-948CB107C029}"
EndProject
Project("{9A19103F-16F7-4668-BE54-9A1E7A4F7556}") = "ContainerManagement", "ContainerManagement\ContainerManagement.csproj", "{6ACA3641-A6DB-4D19-AC3F-F43A69DFB52F}"
EndProject
Project("{9A19103F-16F7-4668-BE54-9A1E7A4F7556}") = "ItemManagement", "ItemManagement\ItemManagement.csproj", "{FF1C9654-E125-47ED-8EC1-E82156D5EED3}"
EndProject
Project("{9A19103F-16F7-4668-BE54-9A1E7A4F7556}") = "Shared", "Shared\Shared.csproj", "{5A9CFB9C-7261-4DE9-9CCB-A8A6D0207B83}"
EndProject
Project("{9A19103F-16F7-4668-BE54-9A1E7A4F7556}") = "Queries", "Queries\Queries.csproj", "{107BAEC4-BF37-4872-9193-AEE6F0A947E1}"
EndProject
Project("{9A19103F-16F7-4668-BE54-9A1E7A4F7556}") = "ServerSideScripts", "ServerSideScripts\ServerSideScripts.csproj", "{7FCC3B73-85FC-42A7-96AB-3D508BB871BD}"
EndProject
Project("{9A19103F-16F7-4668-BE54-9A1E7A4F7556}") = "HandlerSample", "Handlers\HandlerSample.csproj", "{DAE99683-1049-4E8F-9580-5C9B5562D9A7}"
EndProject
Project("{9A19103F-16F7-4668-BE54-9A1E7A4F7556}") = "AzureFunctions", "AzureFunctions\AzureFunctions.csproj", "{4D375AAB-E67E-4A0C-9418-F512F705C574}"
EndProject
Project("{9A19103F-16F7-4668-BE54-9A1E7A4F7556}") = "NonPartitionContainerMigration", "NonPartitionContainerMigration\NonPartitionContainerMigration.csproj", "{C1A42351-39FC-4600-A235-FF5A90B02628}"
EndProject
Project("{9A19103F-16F7-4668-BE54-9A1E7A4F7556}") = "CustomSerialization", "CustomSerialization\CustomSerialization.csproj", "{61EA3F61-F2ED-4FD4-89EC-06342C5AE3C9}"
EndProject
Project("{9A19103F-16F7-4668-BE54-9A1E7A4F7556}") = "PowerShellRestApi", "PowerShellRestApi\PowerShellRestApi.csproj", "{A67B259B-9E3F-4689-9691-B250A88593BB}"
EndProject
Project("{9A19103F-16F7-4668-BE54-9A1E7A4F7556}") = "ChangeFeed", "ChangeFeed\ChangeFeed.csproj", "{D4959F3F-14FD-4AEA-851F-EEF944393603}"
EndProject
Project("{9A19103F-16F7-4668-BE54-9A1E7A4F7556}") = "BulkSupport", "BulkSupport\BulkSupport.csproj", "{71ADD826-17CB-4095-B4F7-C5CDEDC731EA}"
EndProject
Project("{9A19103F-16F7-4668-BE54-9A1E7A4F7556}") = "IndexManagement", "IndexManagement\IndexManagement.csproj", "{BDAA451B-C9C8-4D29-AF1E-1748B8720BEC}"
EndProject
Project("{9A19103F-16F7-4668-BE54-9A1E7A4F7556}") = "Microsoft.Azure.Cosmos", "..\..\Microsoft.Azure.Cosmos\src\Microsoft.Azure.Cosmos.csproj", "{B9DEC530-064B-40AF-A756-C9D23B2850BF}"
EndProject
Project("{9A19103F-16F7-4668-BE54-9A1E7A4F7556}") = "Microsoft.Azure.Cosmos.Direct", "..\..\..\C1\Product\SDK\.net\Microsoft.Azure.Cosmos.Direct\src\Microsoft.Azure.Cosmos.Direct.csproj", "{8758A6A7-0880-4705-B1D7-037C2B3A9E99}"
EndProject
Project("{9A19103F-16F7-4668-BE54-9A1E7A4F7556}") = "Microsoft.Azure.Cosmos.Serialization.HybridRow", "..\..\..\C1\Product\Cosmos\Serialization\HybridRow\Microsoft.Azure.Cosmos.Serialization.HybridRow.csproj", "{490D42EE-1FEF-47CC-97E4-782A353B4D58}"
EndProject
Project("{9A19103F-16F7-4668-BE54-9A1E7A4F7556}") = "Microsoft.Azure.Cosmos.Core", "..\..\..\C1\Product\Cosmos\Core\Core\Microsoft.Azure.Cosmos.Core.csproj", "{B7621117-AEF3-4E10-928D-533AE893F379}"
EndProject
Project("{9A19103F-16F7-4668-BE54-9A1E7A4F7556}") = "CosmosDBAnalyzer", "..\..\..\C1\Product\Tools\BuildTools\Roslyn.Analyzers\CosmosDBAnalyzer\CosmosDBAnalyzer.csproj", "{68E9F1F1-AB7F-498F-A70B-66464560100C}"
EndProject
Project("{8BC9CEB8-8B4A-11D0-8D11-00A0C91BC942}") = "ServiceInterop", "..\..\..\C1\Product\Microsoft.Azure.Documents\ServiceInterop\Microsoft.Azure.Documents.ServiceInterop.vcxproj", "{539466C2-E8D2-4390-BFFA-E0F61D5C86F0}"
EndProject
Global
	GlobalSection(SolutionConfigurationPlatforms) = preSolution
		Debug|Any CPU = Debug|Any CPU
		Debug|x64 = Debug|x64
		Debug|x86 = Debug|x86
		Release|Any CPU = Release|Any CPU
		Release|x64 = Release|x64
		Release|x86 = Release|x86
	EndGlobalSection
	GlobalSection(ProjectConfigurationPlatforms) = postSolution
		{F972386A-B03D-4453-88C7-948CB107C029}.Debug|Any CPU.ActiveCfg = Debug|Any CPU
		{F972386A-B03D-4453-88C7-948CB107C029}.Debug|Any CPU.Build.0 = Debug|Any CPU
		{F972386A-B03D-4453-88C7-948CB107C029}.Debug|x64.ActiveCfg = Debug|Any CPU
		{F972386A-B03D-4453-88C7-948CB107C029}.Debug|x86.ActiveCfg = Debug|Any CPU
		{F972386A-B03D-4453-88C7-948CB107C029}.Release|Any CPU.ActiveCfg = Release|Any CPU
		{F972386A-B03D-4453-88C7-948CB107C029}.Release|Any CPU.Build.0 = Release|Any CPU
		{F972386A-B03D-4453-88C7-948CB107C029}.Release|x64.ActiveCfg = Release|Any CPU
		{F972386A-B03D-4453-88C7-948CB107C029}.Release|x86.ActiveCfg = Release|Any CPU
		{6ACA3641-A6DB-4D19-AC3F-F43A69DFB52F}.Debug|Any CPU.ActiveCfg = Debug|Any CPU
		{6ACA3641-A6DB-4D19-AC3F-F43A69DFB52F}.Debug|Any CPU.Build.0 = Debug|Any CPU
		{6ACA3641-A6DB-4D19-AC3F-F43A69DFB52F}.Debug|x64.ActiveCfg = Debug|Any CPU
		{6ACA3641-A6DB-4D19-AC3F-F43A69DFB52F}.Debug|x86.ActiveCfg = Debug|Any CPU
		{6ACA3641-A6DB-4D19-AC3F-F43A69DFB52F}.Release|Any CPU.ActiveCfg = Release|Any CPU
		{6ACA3641-A6DB-4D19-AC3F-F43A69DFB52F}.Release|Any CPU.Build.0 = Release|Any CPU
		{6ACA3641-A6DB-4D19-AC3F-F43A69DFB52F}.Release|x64.ActiveCfg = Release|Any CPU
		{6ACA3641-A6DB-4D19-AC3F-F43A69DFB52F}.Release|x86.ActiveCfg = Release|Any CPU
		{FF1C9654-E125-47ED-8EC1-E82156D5EED3}.Debug|Any CPU.ActiveCfg = Debug|Any CPU
		{FF1C9654-E125-47ED-8EC1-E82156D5EED3}.Debug|Any CPU.Build.0 = Debug|Any CPU
		{FF1C9654-E125-47ED-8EC1-E82156D5EED3}.Debug|x64.ActiveCfg = Debug|Any CPU
		{FF1C9654-E125-47ED-8EC1-E82156D5EED3}.Debug|x86.ActiveCfg = Debug|Any CPU
		{FF1C9654-E125-47ED-8EC1-E82156D5EED3}.Release|Any CPU.ActiveCfg = Release|Any CPU
		{FF1C9654-E125-47ED-8EC1-E82156D5EED3}.Release|Any CPU.Build.0 = Release|Any CPU
		{FF1C9654-E125-47ED-8EC1-E82156D5EED3}.Release|x64.ActiveCfg = Release|Any CPU
		{FF1C9654-E125-47ED-8EC1-E82156D5EED3}.Release|x86.ActiveCfg = Release|Any CPU
		{5A9CFB9C-7261-4DE9-9CCB-A8A6D0207B83}.Debug|Any CPU.ActiveCfg = Debug|Any CPU
		{5A9CFB9C-7261-4DE9-9CCB-A8A6D0207B83}.Debug|Any CPU.Build.0 = Debug|Any CPU
		{5A9CFB9C-7261-4DE9-9CCB-A8A6D0207B83}.Debug|x64.ActiveCfg = Debug|Any CPU
		{5A9CFB9C-7261-4DE9-9CCB-A8A6D0207B83}.Debug|x64.Build.0 = Debug|Any CPU
		{5A9CFB9C-7261-4DE9-9CCB-A8A6D0207B83}.Debug|x86.ActiveCfg = Debug|Any CPU
		{5A9CFB9C-7261-4DE9-9CCB-A8A6D0207B83}.Debug|x86.Build.0 = Debug|Any CPU
		{5A9CFB9C-7261-4DE9-9CCB-A8A6D0207B83}.Release|Any CPU.ActiveCfg = Release|Any CPU
		{5A9CFB9C-7261-4DE9-9CCB-A8A6D0207B83}.Release|Any CPU.Build.0 = Release|Any CPU
		{5A9CFB9C-7261-4DE9-9CCB-A8A6D0207B83}.Release|x64.ActiveCfg = Release|Any CPU
		{5A9CFB9C-7261-4DE9-9CCB-A8A6D0207B83}.Release|x64.Build.0 = Release|Any CPU
		{5A9CFB9C-7261-4DE9-9CCB-A8A6D0207B83}.Release|x86.ActiveCfg = Release|Any CPU
		{5A9CFB9C-7261-4DE9-9CCB-A8A6D0207B83}.Release|x86.Build.0 = Release|Any CPU
		{107BAEC4-BF37-4872-9193-AEE6F0A947E1}.Debug|Any CPU.ActiveCfg = Debug|Any CPU
		{107BAEC4-BF37-4872-9193-AEE6F0A947E1}.Debug|Any CPU.Build.0 = Debug|Any CPU
		{107BAEC4-BF37-4872-9193-AEE6F0A947E1}.Debug|x64.ActiveCfg = Debug|Any CPU
		{107BAEC4-BF37-4872-9193-AEE6F0A947E1}.Debug|x86.ActiveCfg = Debug|Any CPU
		{107BAEC4-BF37-4872-9193-AEE6F0A947E1}.Release|Any CPU.ActiveCfg = Release|Any CPU
		{107BAEC4-BF37-4872-9193-AEE6F0A947E1}.Release|Any CPU.Build.0 = Release|Any CPU
		{107BAEC4-BF37-4872-9193-AEE6F0A947E1}.Release|x64.ActiveCfg = Release|Any CPU
		{107BAEC4-BF37-4872-9193-AEE6F0A947E1}.Release|x86.ActiveCfg = Release|Any CPU
		{7FCC3B73-85FC-42A7-96AB-3D508BB871BD}.Debug|Any CPU.ActiveCfg = Debug|Any CPU
		{7FCC3B73-85FC-42A7-96AB-3D508BB871BD}.Debug|Any CPU.Build.0 = Debug|Any CPU
		{7FCC3B73-85FC-42A7-96AB-3D508BB871BD}.Debug|x64.ActiveCfg = Debug|Any CPU
		{7FCC3B73-85FC-42A7-96AB-3D508BB871BD}.Debug|x86.ActiveCfg = Debug|Any CPU
		{7FCC3B73-85FC-42A7-96AB-3D508BB871BD}.Release|Any CPU.ActiveCfg = Release|Any CPU
		{7FCC3B73-85FC-42A7-96AB-3D508BB871BD}.Release|Any CPU.Build.0 = Release|Any CPU
		{7FCC3B73-85FC-42A7-96AB-3D508BB871BD}.Release|x64.ActiveCfg = Release|Any CPU
		{7FCC3B73-85FC-42A7-96AB-3D508BB871BD}.Release|x86.ActiveCfg = Release|Any CPU
		{DAE99683-1049-4E8F-9580-5C9B5562D9A7}.Debug|Any CPU.ActiveCfg = Debug|Any CPU
		{DAE99683-1049-4E8F-9580-5C9B5562D9A7}.Debug|Any CPU.Build.0 = Debug|Any CPU
		{DAE99683-1049-4E8F-9580-5C9B5562D9A7}.Debug|x64.ActiveCfg = Debug|Any CPU
		{DAE99683-1049-4E8F-9580-5C9B5562D9A7}.Debug|x86.ActiveCfg = Debug|Any CPU
		{DAE99683-1049-4E8F-9580-5C9B5562D9A7}.Release|Any CPU.ActiveCfg = Release|Any CPU
		{DAE99683-1049-4E8F-9580-5C9B5562D9A7}.Release|Any CPU.Build.0 = Release|Any CPU
		{DAE99683-1049-4E8F-9580-5C9B5562D9A7}.Release|x64.ActiveCfg = Release|Any CPU
		{DAE99683-1049-4E8F-9580-5C9B5562D9A7}.Release|x86.ActiveCfg = Release|Any CPU
		{4D375AAB-E67E-4A0C-9418-F512F705C574}.Debug|Any CPU.ActiveCfg = Debug|Any CPU
		{4D375AAB-E67E-4A0C-9418-F512F705C574}.Debug|Any CPU.Build.0 = Debug|Any CPU
		{4D375AAB-E67E-4A0C-9418-F512F705C574}.Debug|x64.ActiveCfg = Debug|Any CPU
		{4D375AAB-E67E-4A0C-9418-F512F705C574}.Debug|x86.ActiveCfg = Debug|Any CPU
		{4D375AAB-E67E-4A0C-9418-F512F705C574}.Release|Any CPU.ActiveCfg = Release|Any CPU
		{4D375AAB-E67E-4A0C-9418-F512F705C574}.Release|Any CPU.Build.0 = Release|Any CPU
		{4D375AAB-E67E-4A0C-9418-F512F705C574}.Release|x64.ActiveCfg = Release|Any CPU
		{4D375AAB-E67E-4A0C-9418-F512F705C574}.Release|x86.ActiveCfg = Release|Any CPU
		{C1A42351-39FC-4600-A235-FF5A90B02628}.Debug|Any CPU.ActiveCfg = Debug|Any CPU
		{C1A42351-39FC-4600-A235-FF5A90B02628}.Debug|Any CPU.Build.0 = Debug|Any CPU
		{C1A42351-39FC-4600-A235-FF5A90B02628}.Debug|x64.ActiveCfg = Debug|Any CPU
		{C1A42351-39FC-4600-A235-FF5A90B02628}.Debug|x86.ActiveCfg = Debug|Any CPU
		{C1A42351-39FC-4600-A235-FF5A90B02628}.Release|Any CPU.ActiveCfg = Release|Any CPU
		{C1A42351-39FC-4600-A235-FF5A90B02628}.Release|Any CPU.Build.0 = Release|Any CPU
		{C1A42351-39FC-4600-A235-FF5A90B02628}.Release|x64.ActiveCfg = Release|Any CPU
		{C1A42351-39FC-4600-A235-FF5A90B02628}.Release|x86.ActiveCfg = Release|Any CPU
		{61EA3F61-F2ED-4FD4-89EC-06342C5AE3C9}.Debug|Any CPU.ActiveCfg = Debug|Any CPU
		{61EA3F61-F2ED-4FD4-89EC-06342C5AE3C9}.Debug|Any CPU.Build.0 = Debug|Any CPU
		{61EA3F61-F2ED-4FD4-89EC-06342C5AE3C9}.Debug|x64.ActiveCfg = Debug|Any CPU
		{61EA3F61-F2ED-4FD4-89EC-06342C5AE3C9}.Debug|x86.ActiveCfg = Debug|Any CPU
		{61EA3F61-F2ED-4FD4-89EC-06342C5AE3C9}.Release|Any CPU.ActiveCfg = Release|Any CPU
		{61EA3F61-F2ED-4FD4-89EC-06342C5AE3C9}.Release|Any CPU.Build.0 = Release|Any CPU
		{61EA3F61-F2ED-4FD4-89EC-06342C5AE3C9}.Release|x64.ActiveCfg = Release|Any CPU
		{61EA3F61-F2ED-4FD4-89EC-06342C5AE3C9}.Release|x86.ActiveCfg = Release|Any CPU
		{A67B259B-9E3F-4689-9691-B250A88593BB}.Debug|Any CPU.ActiveCfg = Debug|Any CPU
		{A67B259B-9E3F-4689-9691-B250A88593BB}.Debug|Any CPU.Build.0 = Debug|Any CPU
		{A67B259B-9E3F-4689-9691-B250A88593BB}.Debug|x64.ActiveCfg = Debug|Any CPU
		{A67B259B-9E3F-4689-9691-B250A88593BB}.Debug|x86.ActiveCfg = Debug|Any CPU
		{A67B259B-9E3F-4689-9691-B250A88593BB}.Release|Any CPU.ActiveCfg = Release|Any CPU
		{A67B259B-9E3F-4689-9691-B250A88593BB}.Release|Any CPU.Build.0 = Release|Any CPU
		{A67B259B-9E3F-4689-9691-B250A88593BB}.Release|x64.ActiveCfg = Release|Any CPU
		{A67B259B-9E3F-4689-9691-B250A88593BB}.Release|x86.ActiveCfg = Release|Any CPU
		{D4959F3F-14FD-4AEA-851F-EEF944393603}.Debug|Any CPU.ActiveCfg = Debug|Any CPU
		{D4959F3F-14FD-4AEA-851F-EEF944393603}.Debug|Any CPU.Build.0 = Debug|Any CPU
		{D4959F3F-14FD-4AEA-851F-EEF944393603}.Debug|x64.ActiveCfg = Debug|Any CPU
		{D4959F3F-14FD-4AEA-851F-EEF944393603}.Debug|x86.ActiveCfg = Debug|Any CPU
		{D4959F3F-14FD-4AEA-851F-EEF944393603}.Release|Any CPU.ActiveCfg = Release|Any CPU
		{D4959F3F-14FD-4AEA-851F-EEF944393603}.Release|Any CPU.Build.0 = Release|Any CPU
		{D4959F3F-14FD-4AEA-851F-EEF944393603}.Release|x64.ActiveCfg = Release|Any CPU
		{D4959F3F-14FD-4AEA-851F-EEF944393603}.Release|x86.ActiveCfg = Release|Any CPU
		{71ADD826-17CB-4095-B4F7-C5CDEDC731EA}.Debug|Any CPU.ActiveCfg = Debug|Any CPU
		{71ADD826-17CB-4095-B4F7-C5CDEDC731EA}.Debug|Any CPU.Build.0 = Debug|Any CPU
		{71ADD826-17CB-4095-B4F7-C5CDEDC731EA}.Debug|x64.ActiveCfg = Debug|Any CPU
		{71ADD826-17CB-4095-B4F7-C5CDEDC731EA}.Debug|x64.Build.0 = Debug|Any CPU
		{71ADD826-17CB-4095-B4F7-C5CDEDC731EA}.Debug|x86.ActiveCfg = Debug|Any CPU
		{71ADD826-17CB-4095-B4F7-C5CDEDC731EA}.Debug|x86.Build.0 = Debug|Any CPU
		{71ADD826-17CB-4095-B4F7-C5CDEDC731EA}.Release|Any CPU.ActiveCfg = Release|Any CPU
		{71ADD826-17CB-4095-B4F7-C5CDEDC731EA}.Release|Any CPU.Build.0 = Release|Any CPU
		{71ADD826-17CB-4095-B4F7-C5CDEDC731EA}.Release|x64.ActiveCfg = Release|Any CPU
		{71ADD826-17CB-4095-B4F7-C5CDEDC731EA}.Release|x64.Build.0 = Release|Any CPU
		{71ADD826-17CB-4095-B4F7-C5CDEDC731EA}.Release|x86.ActiveCfg = Release|Any CPU
		{71ADD826-17CB-4095-B4F7-C5CDEDC731EA}.Release|x86.Build.0 = Release|Any CPU
		{BDAA451B-C9C8-4D29-AF1E-1748B8720BEC}.Debug|Any CPU.ActiveCfg = Debug|Any CPU
		{BDAA451B-C9C8-4D29-AF1E-1748B8720BEC}.Debug|Any CPU.Build.0 = Debug|Any CPU
		{BDAA451B-C9C8-4D29-AF1E-1748B8720BEC}.Debug|x64.ActiveCfg = Debug|Any CPU
		{BDAA451B-C9C8-4D29-AF1E-1748B8720BEC}.Debug|x86.ActiveCfg = Debug|Any CPU
		{BDAA451B-C9C8-4D29-AF1E-1748B8720BEC}.Release|Any CPU.ActiveCfg = Release|Any CPU
		{BDAA451B-C9C8-4D29-AF1E-1748B8720BEC}.Release|Any CPU.Build.0 = Release|Any CPU
		{BDAA451B-C9C8-4D29-AF1E-1748B8720BEC}.Release|x64.ActiveCfg = Release|Any CPU
		{BDAA451B-C9C8-4D29-AF1E-1748B8720BEC}.Release|x86.ActiveCfg = Release|Any CPU
		{B9DEC530-064B-40AF-A756-C9D23B2850BF}.Debug|Any CPU.ActiveCfg = Debug|Any CPU
		{B9DEC530-064B-40AF-A756-C9D23B2850BF}.Debug|Any CPU.Build.0 = Debug|Any CPU
		{B9DEC530-064B-40AF-A756-C9D23B2850BF}.Debug|x64.ActiveCfg = Debug|Any CPU
		{B9DEC530-064B-40AF-A756-C9D23B2850BF}.Debug|x64.Build.0 = Debug|Any CPU
		{B9DEC530-064B-40AF-A756-C9D23B2850BF}.Debug|x86.ActiveCfg = Debug|Any CPU
		{B9DEC530-064B-40AF-A756-C9D23B2850BF}.Debug|x86.Build.0 = Debug|Any CPU
		{B9DEC530-064B-40AF-A756-C9D23B2850BF}.Release|Any CPU.ActiveCfg = Release|Any CPU
		{B9DEC530-064B-40AF-A756-C9D23B2850BF}.Release|Any CPU.Build.0 = Release|Any CPU
		{B9DEC530-064B-40AF-A756-C9D23B2850BF}.Release|x64.ActiveCfg = Release|Any CPU
		{B9DEC530-064B-40AF-A756-C9D23B2850BF}.Release|x64.Build.0 = Release|Any CPU
		{B9DEC530-064B-40AF-A756-C9D23B2850BF}.Release|x86.ActiveCfg = Release|Any CPU
		{B9DEC530-064B-40AF-A756-C9D23B2850BF}.Release|x86.Build.0 = Release|Any CPU
		{8758A6A7-0880-4705-B1D7-037C2B3A9E99}.Debug|Any CPU.ActiveCfg = Debug|Any CPU
		{8758A6A7-0880-4705-B1D7-037C2B3A9E99}.Debug|Any CPU.Build.0 = Debug|Any CPU
		{8758A6A7-0880-4705-B1D7-037C2B3A9E99}.Debug|x64.ActiveCfg = Debug|x64
		{8758A6A7-0880-4705-B1D7-037C2B3A9E99}.Debug|x64.Build.0 = Debug|x64
		{8758A6A7-0880-4705-B1D7-037C2B3A9E99}.Debug|x86.ActiveCfg = Debug|x86
		{8758A6A7-0880-4705-B1D7-037C2B3A9E99}.Debug|x86.Build.0 = Debug|x86
		{8758A6A7-0880-4705-B1D7-037C2B3A9E99}.Release|Any CPU.ActiveCfg = Release|Any CPU
		{8758A6A7-0880-4705-B1D7-037C2B3A9E99}.Release|Any CPU.Build.0 = Release|Any CPU
		{8758A6A7-0880-4705-B1D7-037C2B3A9E99}.Release|x64.ActiveCfg = Release|x64
		{8758A6A7-0880-4705-B1D7-037C2B3A9E99}.Release|x64.Build.0 = Release|x64
		{8758A6A7-0880-4705-B1D7-037C2B3A9E99}.Release|x86.ActiveCfg = Release|x86
		{8758A6A7-0880-4705-B1D7-037C2B3A9E99}.Release|x86.Build.0 = Release|x86
		{490D42EE-1FEF-47CC-97E4-782A353B4D58}.Debug|Any CPU.ActiveCfg = Debug|Any CPU
		{490D42EE-1FEF-47CC-97E4-782A353B4D58}.Debug|Any CPU.Build.0 = Debug|Any CPU
		{490D42EE-1FEF-47CC-97E4-782A353B4D58}.Debug|x64.ActiveCfg = Debug|x64
		{490D42EE-1FEF-47CC-97E4-782A353B4D58}.Debug|x64.Build.0 = Debug|x64
		{490D42EE-1FEF-47CC-97E4-782A353B4D58}.Debug|x86.ActiveCfg = Debug|x86
		{490D42EE-1FEF-47CC-97E4-782A353B4D58}.Debug|x86.Build.0 = Debug|x86
		{490D42EE-1FEF-47CC-97E4-782A353B4D58}.Release|Any CPU.ActiveCfg = Release|Any CPU
		{490D42EE-1FEF-47CC-97E4-782A353B4D58}.Release|Any CPU.Build.0 = Release|Any CPU
		{490D42EE-1FEF-47CC-97E4-782A353B4D58}.Release|x64.ActiveCfg = Release|x64
		{490D42EE-1FEF-47CC-97E4-782A353B4D58}.Release|x64.Build.0 = Release|x64
		{490D42EE-1FEF-47CC-97E4-782A353B4D58}.Release|x86.ActiveCfg = Release|x86
		{490D42EE-1FEF-47CC-97E4-782A353B4D58}.Release|x86.Build.0 = Release|x86
		{B7621117-AEF3-4E10-928D-533AE893F379}.Debug|Any CPU.ActiveCfg = Debug|Any CPU
		{B7621117-AEF3-4E10-928D-533AE893F379}.Debug|Any CPU.Build.0 = Debug|Any CPU
		{B7621117-AEF3-4E10-928D-533AE893F379}.Debug|x64.ActiveCfg = Debug|x64
		{B7621117-AEF3-4E10-928D-533AE893F379}.Debug|x64.Build.0 = Debug|x64
		{B7621117-AEF3-4E10-928D-533AE893F379}.Debug|x86.ActiveCfg = Debug|x86
		{B7621117-AEF3-4E10-928D-533AE893F379}.Debug|x86.Build.0 = Debug|x86
		{B7621117-AEF3-4E10-928D-533AE893F379}.Release|Any CPU.ActiveCfg = Release|Any CPU
		{B7621117-AEF3-4E10-928D-533AE893F379}.Release|Any CPU.Build.0 = Release|Any CPU
		{B7621117-AEF3-4E10-928D-533AE893F379}.Release|x64.ActiveCfg = Release|x64
		{B7621117-AEF3-4E10-928D-533AE893F379}.Release|x64.Build.0 = Release|x64
		{B7621117-AEF3-4E10-928D-533AE893F379}.Release|x86.ActiveCfg = Release|x86
		{B7621117-AEF3-4E10-928D-533AE893F379}.Release|x86.Build.0 = Release|x86
		{68E9F1F1-AB7F-498F-A70B-66464560100C}.Debug|Any CPU.ActiveCfg = Debug|Any CPU
		{68E9F1F1-AB7F-498F-A70B-66464560100C}.Debug|Any CPU.Build.0 = Debug|Any CPU
		{68E9F1F1-AB7F-498F-A70B-66464560100C}.Debug|x64.ActiveCfg = Debug|x64
		{68E9F1F1-AB7F-498F-A70B-66464560100C}.Debug|x64.Build.0 = Debug|x64
		{68E9F1F1-AB7F-498F-A70B-66464560100C}.Debug|x86.ActiveCfg = Debug|x86
		{68E9F1F1-AB7F-498F-A70B-66464560100C}.Debug|x86.Build.0 = Debug|x86
		{68E9F1F1-AB7F-498F-A70B-66464560100C}.Release|Any CPU.ActiveCfg = Release|Any CPU
		{68E9F1F1-AB7F-498F-A70B-66464560100C}.Release|Any CPU.Build.0 = Release|Any CPU
		{68E9F1F1-AB7F-498F-A70B-66464560100C}.Release|x64.ActiveCfg = Release|x64
		{68E9F1F1-AB7F-498F-A70B-66464560100C}.Release|x64.Build.0 = Release|x64
		{68E9F1F1-AB7F-498F-A70B-66464560100C}.Release|x86.ActiveCfg = Release|x86
		{68E9F1F1-AB7F-498F-A70B-66464560100C}.Release|x86.Build.0 = Release|x86
		{539466C2-E8D2-4390-BFFA-E0F61D5C86F0}.Debug|Any CPU.ActiveCfg = Debug|x64
		{539466C2-E8D2-4390-BFFA-E0F61D5C86F0}.Debug|x64.ActiveCfg = Debug|x64
		{539466C2-E8D2-4390-BFFA-E0F61D5C86F0}.Debug|x64.Build.0 = Debug|x64
		{539466C2-E8D2-4390-BFFA-E0F61D5C86F0}.Debug|x86.ActiveCfg = Debug|x64
		{539466C2-E8D2-4390-BFFA-E0F61D5C86F0}.Release|Any CPU.ActiveCfg = Release|x64
		{539466C2-E8D2-4390-BFFA-E0F61D5C86F0}.Release|x64.ActiveCfg = Release|x64
		{539466C2-E8D2-4390-BFFA-E0F61D5C86F0}.Release|x64.Build.0 = Release|x64
		{539466C2-E8D2-4390-BFFA-E0F61D5C86F0}.Release|x86.ActiveCfg = Release|x64
	EndGlobalSection
	GlobalSection(SolutionProperties) = preSolution
		HideSolutionNode = FALSE
	EndGlobalSection
	GlobalSection(ExtensibilityGlobals) = postSolution
		SolutionGuid = {BB174784-6D22-454F-9F1C-7DE233164C11}
	EndGlobalSection
EndGlobal
