
Microsoft Visual Studio Solution File, Format Version 12.00
# Visual Studio Version 16
VisualStudioVersion = 16.0.29102.190
MinimumVisualStudioVersion = 10.0.40219.1
Project("{9A19103F-16F7-4668-BE54-9A1E7A4F7556}") = "DatabaseManagement", "DatabaseManagement\DatabaseManagement.csproj", "{F972386A-B03D-4453-88C7-948CB107C029}"
EndProject
Project("{9A19103F-16F7-4668-BE54-9A1E7A4F7556}") = "ContainerManagement", "ContainerManagement\ContainerManagement.csproj", "{6ACA3641-A6DB-4D19-AC3F-F43A69DFB52F}"
EndProject
Project("{9A19103F-16F7-4668-BE54-9A1E7A4F7556}") = "ItemManagement", "ItemManagement\ItemManagement.csproj", "{FF1C9654-E125-47ED-8EC1-E82156D5EED3}"
EndProject
Project("{9A19103F-16F7-4668-BE54-9A1E7A4F7556}") = "Shared", "Shared\Shared.csproj", "{5A9CFB9C-7261-4DE9-9CCB-A8A6D0207B83}"
EndProject
Project("{9A19103F-16F7-4668-BE54-9A1E7A4F7556}") = "Queries", "Queries\Queries.csproj", "{107BAEC4-BF37-4872-9193-AEE6F0A947E1}"
EndProject
Project("{9A19103F-16F7-4668-BE54-9A1E7A4F7556}") = "ServerSideScripts", "ServerSideScripts\ServerSideScripts.csproj", "{7FCC3B73-85FC-42A7-96AB-3D508BB871BD}"
EndProject
Project("{9A19103F-16F7-4668-BE54-9A1E7A4F7556}") = "HandlerSample", "Handlers\HandlerSample.csproj", "{DAE99683-1049-4E8F-9580-5C9B5562D9A7}"
EndProject
Project("{9A19103F-16F7-4668-BE54-9A1E7A4F7556}") = "AzureFunctions", "AzureFunctions\AzureFunctions.csproj", "{4D375AAB-E67E-4A0C-9418-F512F705C574}"
EndProject
Project("{9A19103F-16F7-4668-BE54-9A1E7A4F7556}") = "NonPartitionContainerMigration", "NonPartitionContainerMigration\NonPartitionContainerMigration.csproj", "{C1A42351-39FC-4600-A235-FF5A90B02628}"
EndProject
Project("{9A19103F-16F7-4668-BE54-9A1E7A4F7556}") = "CustomSerialization", "CustomSerialization\CustomSerialization.csproj", "{61EA3F61-F2ED-4FD4-89EC-06342C5AE3C9}"
EndProject
Project("{9A19103F-16F7-4668-BE54-9A1E7A4F7556}") = "PowerShellRestApi", "PowerShellRestApi\PowerShellRestApi.csproj", "{A67B259B-9E3F-4689-9691-B250A88593BB}"
EndProject
Project("{9A19103F-16F7-4668-BE54-9A1E7A4F7556}") = "ChangeFeed", "ChangeFeed\ChangeFeed.csproj", "{D4959F3F-14FD-4AEA-851F-EEF944393603}"
EndProject
Project("{9A19103F-16F7-4668-BE54-9A1E7A4F7556}") = "BulkSupport", "BulkSupport\BulkSupport.csproj", "{71ADD826-17CB-4095-B4F7-C5CDEDC731EA}"
EndProject
Project("{9A19103F-16F7-4668-BE54-9A1E7A4F7556}") = "IndexManagement", "IndexManagement\IndexManagement.csproj", "{BDAA451B-C9C8-4D29-AF1E-1748B8720BEC}"
EndProject
Global
	GlobalSection(SolutionConfigurationPlatforms) = preSolution
		Debug|Any CPU = Debug|Any CPU
		Release|Any CPU = Release|Any CPU
	EndGlobalSection
	GlobalSection(ProjectConfigurationPlatforms) = postSolution
		{F972386A-B03D-4453-88C7-948CB107C029}.Debug|Any CPU.ActiveCfg = Debug|Any CPU
		{F972386A-B03D-4453-88C7-948CB107C029}.Debug|Any CPU.Build.0 = Debug|Any CPU
		{F972386A-B03D-4453-88C7-948CB107C029}.Release|Any CPU.ActiveCfg = Release|Any CPU
		{F972386A-B03D-4453-88C7-948CB107C029}.Release|Any CPU.Build.0 = Release|Any CPU
		{6ACA3641-A6DB-4D19-AC3F-F43A69DFB52F}.Debug|Any CPU.ActiveCfg = Debug|Any CPU
		{6ACA3641-A6DB-4D19-AC3F-F43A69DFB52F}.Debug|Any CPU.Build.0 = Debug|Any CPU
		{6ACA3641-A6DB-4D19-AC3F-F43A69DFB52F}.Release|Any CPU.ActiveCfg = Release|Any CPU
		{6ACA3641-A6DB-4D19-AC3F-F43A69DFB52F}.Release|Any CPU.Build.0 = Release|Any CPU
		{FF1C9654-E125-47ED-8EC1-E82156D5EED3}.Debug|Any CPU.ActiveCfg = Debug|Any CPU
		{FF1C9654-E125-47ED-8EC1-E82156D5EED3}.Debug|Any CPU.Build.0 = Debug|Any CPU
		{FF1C9654-E125-47ED-8EC1-E82156D5EED3}.Release|Any CPU.ActiveCfg = Release|Any CPU
		{FF1C9654-E125-47ED-8EC1-E82156D5EED3}.Release|Any CPU.Build.0 = Release|Any CPU
		{5A9CFB9C-7261-4DE9-9CCB-A8A6D0207B83}.Debug|Any CPU.ActiveCfg = Debug|Any CPU
		{5A9CFB9C-7261-4DE9-9CCB-A8A6D0207B83}.Debug|Any CPU.Build.0 = Debug|Any CPU
		{5A9CFB9C-7261-4DE9-9CCB-A8A6D0207B83}.Release|Any CPU.ActiveCfg = Release|Any CPU
		{5A9CFB9C-7261-4DE9-9CCB-A8A6D0207B83}.Release|Any CPU.Build.0 = Release|Any CPU
		{107BAEC4-BF37-4872-9193-AEE6F0A947E1}.Debug|Any CPU.ActiveCfg = Debug|Any CPU
		{107BAEC4-BF37-4872-9193-AEE6F0A947E1}.Debug|Any CPU.Build.0 = Debug|Any CPU
		{107BAEC4-BF37-4872-9193-AEE6F0A947E1}.Release|Any CPU.ActiveCfg = Release|Any CPU
		{107BAEC4-BF37-4872-9193-AEE6F0A947E1}.Release|Any CPU.Build.0 = Release|Any CPU
		{7FCC3B73-85FC-42A7-96AB-3D508BB871BD}.Debug|Any CPU.ActiveCfg = Debug|Any CPU
		{7FCC3B73-85FC-42A7-96AB-3D508BB871BD}.Debug|Any CPU.Build.0 = Debug|Any CPU
		{7FCC3B73-85FC-42A7-96AB-3D508BB871BD}.Release|Any CPU.ActiveCfg = Release|Any CPU
		{7FCC3B73-85FC-42A7-96AB-3D508BB871BD}.Release|Any CPU.Build.0 = Release|Any CPU
		{DAE99683-1049-4E8F-9580-5C9B5562D9A7}.Debug|Any CPU.ActiveCfg = Debug|Any CPU
		{DAE99683-1049-4E8F-9580-5C9B5562D9A7}.Debug|Any CPU.Build.0 = Debug|Any CPU
		{DAE99683-1049-4E8F-9580-5C9B5562D9A7}.Release|Any CPU.ActiveCfg = Release|Any CPU
		{DAE99683-1049-4E8F-9580-5C9B5562D9A7}.Release|Any CPU.Build.0 = Release|Any CPU
		{4D375AAB-E67E-4A0C-9418-F512F705C574}.Debug|Any CPU.ActiveCfg = Debug|Any CPU
		{4D375AAB-E67E-4A0C-9418-F512F705C574}.Debug|Any CPU.Build.0 = Debug|Any CPU
		{4D375AAB-E67E-4A0C-9418-F512F705C574}.Release|Any CPU.ActiveCfg = Release|Any CPU
		{4D375AAB-E67E-4A0C-9418-F512F705C574}.Release|Any CPU.Build.0 = Release|Any CPU
		{C1A42351-39FC-4600-A235-FF5A90B02628}.Debug|Any CPU.ActiveCfg = Debug|Any CPU
		{C1A42351-39FC-4600-A235-FF5A90B02628}.Debug|Any CPU.Build.0 = Debug|Any CPU
		{C1A42351-39FC-4600-A235-FF5A90B02628}.Release|Any CPU.ActiveCfg = Release|Any CPU
		{C1A42351-39FC-4600-A235-FF5A90B02628}.Release|Any CPU.Build.0 = Release|Any CPU
		{61EA3F61-F2ED-4FD4-89EC-06342C5AE3C9}.Debug|Any CPU.ActiveCfg = Debug|Any CPU
		{61EA3F61-F2ED-4FD4-89EC-06342C5AE3C9}.Debug|Any CPU.Build.0 = Debug|Any CPU
		{61EA3F61-F2ED-4FD4-89EC-06342C5AE3C9}.Release|Any CPU.ActiveCfg = Release|Any CPU
		{61EA3F61-F2ED-4FD4-89EC-06342C5AE3C9}.Release|Any CPU.Build.0 = Release|Any CPU
		{A67B259B-9E3F-4689-9691-B250A88593BB}.Debug|Any CPU.ActiveCfg = Debug|Any CPU
		{A67B259B-9E3F-4689-9691-B250A88593BB}.Debug|Any CPU.Build.0 = Debug|Any CPU
		{A67B259B-9E3F-4689-9691-B250A88593BB}.Release|Any CPU.ActiveCfg = Release|Any CPU
		{A67B259B-9E3F-4689-9691-B250A88593BB}.Release|Any CPU.Build.0 = Release|Any CPU
		{D4959F3F-14FD-4AEA-851F-EEF944393603}.Debug|Any CPU.ActiveCfg = Debug|Any CPU
		{D4959F3F-14FD-4AEA-851F-EEF944393603}.Debug|Any CPU.Build.0 = Debug|Any CPU
		{D4959F3F-14FD-4AEA-851F-EEF944393603}.Release|Any CPU.ActiveCfg = Release|Any CPU
		{D4959F3F-14FD-4AEA-851F-EEF944393603}.Release|Any CPU.Build.0 = Release|Any CPU
		{71ADD826-17CB-4095-B4F7-C5CDEDC731EA}.Debug|Any CPU.ActiveCfg = Debug|Any CPU
		{71ADD826-17CB-4095-B4F7-C5CDEDC731EA}.Debug|Any CPU.Build.0 = Debug|Any CPU
		{71ADD826-17CB-4095-B4F7-C5CDEDC731EA}.Release|Any CPU.ActiveCfg = Release|Any CPU
		{71ADD826-17CB-4095-B4F7-C5CDEDC731EA}.Release|Any CPU.Build.0 = Release|Any CPU
		{BDAA451B-C9C8-4D29-AF1E-1748B8720BEC}.Debug|Any CPU.ActiveCfg = Debug|Any CPU
		{BDAA451B-C9C8-4D29-AF1E-1748B8720BEC}.Debug|Any CPU.Build.0 = Debug|Any CPU
		{BDAA451B-C9C8-4D29-AF1E-1748B8720BEC}.Release|Any CPU.ActiveCfg = Release|Any CPU
		{BDAA451B-C9C8-4D29-AF1E-1748B8720BEC}.Release|Any CPU.Build.0 = Release|Any CPU
	EndGlobalSection
	GlobalSection(SolutionProperties) = preSolution
		HideSolutionNode = FALSE
	EndGlobalSection
	GlobalSection(ExtensibilityGlobals) = postSolution
		SolutionGuid = {BB174784-6D22-454F-9F1C-7DE233164C11}
	EndGlobalSection
EndGlobal
