
Microsoft Visual Studio Solution File, Format Version 12.00
# Visual Studio Version 16
VisualStudioVersion = 16.0.30503.244
MinimumVisualStudioVersion = 10.0.40219.1
Project("{9A19103F-16F7-4668-BE54-9A1E7A4F7556}") = "Geospatial", "Geospatial.csproj", "{1638D4BF-4ED1-45B6-9B5F-C00F0CAC0E89}"
EndProject
Global
	GlobalSection(SolutionConfigurationPlatforms) = preSolution
		Debug|Any CPU = Debug|Any CPU
		Release|Any CPU = Release|Any CPU
	EndGlobalSection
	GlobalSection(ProjectConfigurationPlatforms) = postSolution
		{1638D4BF-4ED1-45B6-9B5F-C00F0CAC0E89}.Debug|Any CPU.ActiveCfg = Debug|Any CPU
		{1638D4BF-4ED1-45B6-9B5F-C00F0CAC0E89}.Debug|Any CPU.Build.0 = Debug|Any CPU
		{1638D4BF-4ED1-45B6-9B5F-C00F0CAC0E89}.Release|Any CPU.ActiveCfg = Release|Any CPU
		{1638D4BF-4ED1-45B6-9B5F-C00F0CAC0E89}.Release|Any CPU.Build.0 = Release|Any CPU
	EndGlobalSection
	GlobalSection(SolutionProperties) = preSolution
		HideSolutionNode = FALSE
	EndGlobalSection
	GlobalSection(ExtensibilityGlobals) = postSolution
		SolutionGuid = {EBFC110A-672A-43E1-B6E3-4F421C7B25A6}
	EndGlobalSection
EndGlobal
