
Microsoft Visual Studio Solution File, Format Version 12.00
# Visual Studio Version 17
VisualStudioVersion = 17.2.32516.85
MinimumVisualStudioVersion = 10.0.40219.1
Project("{FAE04EC0-301F-11D3-BF4B-00C04F79EFBC}") = "BinarySerializationResponseTest", "BinarySerializationResponseTest\BinarySerializationResponseTest.csproj", "{D77AA9EC-10D7-4AE0-BC4C-56F467833194}"
EndProject
Global
	GlobalSection(SolutionConfigurationPlatforms) = preSolution
		Debug|Any CPU = Debug|Any CPU
		Release|Any CPU = Release|Any CPU
	EndGlobalSection
	GlobalSection(ProjectConfigurationPlatforms) = postSolution
		{D77AA9EC-10D7-4AE0-BC4C-56F467833194}.Debug|Any CPU.ActiveCfg = Debug|Any CPU
		{D77AA9EC-10D7-4AE0-BC4C-56F467833194}.Debug|Any CPU.Build.0 = Debug|Any CPU
		{D77AA9EC-10D7-4AE0-BC4C-56F467833194}.Release|Any CPU.ActiveCfg = Release|Any CPU
		{D77AA9EC-10D7-4AE0-BC4C-56F467833194}.Release|Any CPU.Build.0 = Release|Any CPU
	EndGlobalSection
	GlobalSection(SolutionProperties) = preSolution
		HideSolutionNode = FALSE
	EndGlobalSection
	GlobalSection(ExtensibilityGlobals) = postSolution
		SolutionGuid = {0BA34800-842C-4FA1-A79E-742850AF5177}
	EndGlobalSection
EndGlobal
