
Microsoft Visual Studio Solution File, Format Version 12.00
# Visual Studio Version 17
VisualStudioVersion = 17.9.34701.34
MinimumVisualStudioVersion = 10.0.40219.1
Project("{9A19103F-16F7-4668-BE54-9A1E7A4F7556}") = "TestWorkloadV2", "TestWorkloadV2.csproj", "{88686CA9-3803-4B79-9CE8-DB9F6C5D0905}"
EndProject
Global
	GlobalSection(SolutionConfigurationPlatforms) = preSolution
		Debug|Any CPU = Debug|Any CPU
		Release|Any CPU = Release|Any CPU
	EndGlobalSection
	GlobalSection(ProjectConfigurationPlatforms) = postSolution
		{88686CA9-3803-4B79-9CE8-DB9F6C5D0905}.Debug|Any CPU.ActiveCfg = Debug|Any CPU
		{88686CA9-3803-4B79-9CE8-DB9F6C5D0905}.Debug|Any CPU.Build.0 = Debug|Any CPU
		{88686CA9-3803-4B79-9CE8-DB9F6C5D0905}.Release|Any CPU.ActiveCfg = Release|Any CPU
		{88686CA9-3803-4B79-9CE8-DB9F6C5D0905}.Release|Any CPU.Build.0 = Release|Any CPU
	EndGlobalSection
	GlobalSection(SolutionProperties) = preSolution
		HideSolutionNode = FALSE
	EndGlobalSection
	GlobalSection(ExtensibilityGlobals) = postSolution
		SolutionGuid = {7A61B198-4540-4963-9E1E-EEC9755F1DD4}
	EndGlobalSection
EndGlobal
